// !$*UTF8*$!
{
	archiveVersion = 1;
	classes = {
	};
	objectVersion = 56;
	objects = {

/* Begin PBXBuildFile section */
		A967FA37C57DE80DFA7F40E2 /* Pods_nextStep.framework in Frameworks */ = {isa = PBXBuildFile; fileRef = 14F31F88F030049DFCB836D0 /* Pods_nextStep.framework */; };
		B80E741B2AB71CF2007440D6 /* LookAroundViewController.swift in Sources */ = {isa = PBXBuildFile; fileRef = B80E741A2AB71CF2007440D6 /* LookAroundViewController.swift */; };
		B80E741D2AB71CFB007440D6 /* LookAroundViewModel.swift in Sources */ = {isa = PBXBuildFile; fileRef = B80E741C2AB71CFB007440D6 /* LookAroundViewModel.swift */; };
		B80E741F2AB71D51007440D6 /* GalleryViewController.swift in Sources */ = {isa = PBXBuildFile; fileRef = B80E741E2AB71D51007440D6 /* GalleryViewController.swift */; };
		B80E74212AB71D5F007440D6 /* GalleryViewModel.swift in Sources */ = {isa = PBXBuildFile; fileRef = B80E74202AB71D5F007440D6 /* GalleryViewModel.swift */; };
		B80E74232AB71D7B007440D6 /* HomeViewController.swift in Sources */ = {isa = PBXBuildFile; fileRef = B80E74222AB71D7B007440D6 /* HomeViewController.swift */; };
		B80E74252AB71D8C007440D6 /* HomeViewModel.swift in Sources */ = {isa = PBXBuildFile; fileRef = B80E74242AB71D8C007440D6 /* HomeViewModel.swift */; };
		B80E74292AB71F04007440D6 /* MainTapBarCategory.swift in Sources */ = {isa = PBXBuildFile; fileRef = B80E74282AB71F04007440D6 /* MainTapBarCategory.swift */; };
		B80E74372AB7280C007440D6 /* DefaultAttributeManager.swift in Sources */ = {isa = PBXBuildFile; fileRef = B80E74362AB7280C007440D6 /* DefaultAttributeManager.swift */; };
		B837A8D92AAC6C4100A5F407 /* R.generated.swift in Sources */ = {isa = PBXBuildFile; fileRef = B837A8D82AAC6C4100A5F407 /* R.generated.swift */; };
		B837A8DD2AAC6E1500A5F407 /* Localizable.strings in Resources */ = {isa = PBXBuildFile; fileRef = B837A8DF2AAC6E1500A5F407 /* Localizable.strings */; };
		B837A8E42AAC707100A5F407 /* Dictionary+extension.swift in Sources */ = {isa = PBXBuildFile; fileRef = B837A8E32AAC707100A5F407 /* Dictionary+extension.swift */; };
		B837A8E62AAC712200A5F407 /* Codable+extension.swift in Sources */ = {isa = PBXBuildFile; fileRef = B837A8E52AAC712200A5F407 /* Codable+extension.swift */; };
		B837A8E82AAC73CA00A5F407 /* APIRequestContextProtocol.swift in Sources */ = {isa = PBXBuildFile; fileRef = B837A8E72AAC73CA00A5F407 /* APIRequestContextProtocol.swift */; };
		B837A8EA2AAC7F6300A5F407 /* AppConfigure.swift in Sources */ = {isa = PBXBuildFile; fileRef = B837A8E92AAC7F6300A5F407 /* AppConfigure.swift */; };
		B837A8EC2AAC7FC500A5F407 /* RiotAPIRequestContext.swift in Sources */ = {isa = PBXBuildFile; fileRef = B837A8EB2AAC7FC500A5F407 /* RiotAPIRequestContext.swift */; };
		B837A8EE2AAC7FE200A5F407 /* CommonRESTfulAPIService.swift in Sources */ = {isa = PBXBuildFile; fileRef = B837A8ED2AAC7FE200A5F407 /* CommonRESTfulAPIService.swift */; };
		B837A8F02AAC808300A5F407 /* APIRequestUIMode.swift in Sources */ = {isa = PBXBuildFile; fileRef = B837A8EF2AAC808300A5F407 /* APIRequestUIMode.swift */; };
		B837A8F42AAC80AC00A5F407 /* APIResultUIMode.swift in Sources */ = {isa = PBXBuildFile; fileRef = B837A8F32AAC80AC00A5F407 /* APIResultUIMode.swift */; };
		B837A8F62AAC87EC00A5F407 /* NetworkError.swift in Sources */ = {isa = PBXBuildFile; fileRef = B837A8F52AAC87EC00A5F407 /* NetworkError.swift */; };
		B837A8FB2AAC8F4000A5F407 /* APIWrapperProtocol.swift in Sources */ = {isa = PBXBuildFile; fileRef = B837A8FA2AAC8F4000A5F407 /* APIWrapperProtocol.swift */; };
		B837A9002AACAA2F00A5F407 /* RiotWrapper.swift in Sources */ = {isa = PBXBuildFile; fileRef = B837A8FF2AACAA2F00A5F407 /* RiotWrapper.swift */; };
		B837ADF72AC2C74400BE7D2C /* ChampionDetailViewController.swift in Sources */ = {isa = PBXBuildFile; fileRef = B837ADF62AC2C74400BE7D2C /* ChampionDetailViewController.swift */; };
		B837ADFA2AC2C76800BE7D2C /* ChampionDetailViewModel.swift in Sources */ = {isa = PBXBuildFile; fileRef = B837ADF92AC2C76800BE7D2C /* ChampionDetailViewModel.swift */; };
		B837ADFF2AC2D09600BE7D2C /* ChampionDetailInformationView.swift in Sources */ = {isa = PBXBuildFile; fileRef = B837ADFE2AC2D09600BE7D2C /* ChampionDetailInformationView.swift */; };
		B837AE012AC2E20700BE7D2C /* ChampionDetailSkinListView.swift in Sources */ = {isa = PBXBuildFile; fileRef = B837AE002AC2E20700BE7D2C /* ChampionDetailSkinListView.swift */; };
		B837AE042AC2ED8000BE7D2C /* ChampionDetailBlurTableViewCell.swift in Sources */ = {isa = PBXBuildFile; fileRef = B837AE032AC2ED8000BE7D2C /* ChampionDetailBlurTableViewCell.swift */; };
		B837AE062AC2EE5600BE7D2C /* ChampionDetailDescriptionTableViewCell.swift in Sources */ = {isa = PBXBuildFile; fileRef = B837AE052AC2EE5600BE7D2C /* ChampionDetailDescriptionTableViewCell.swift */; };
		B837AE082AC2EEAC00BE7D2C /* ChampionDetailLayoutStatus.swift in Sources */ = {isa = PBXBuildFile; fileRef = B837AE072AC2EEAC00BE7D2C /* ChampionDetailLayoutStatus.swift */; };
		B83A991E2AAC5540004C0A42 /* AppDelegate.swift in Sources */ = {isa = PBXBuildFile; fileRef = B83A991D2AAC5540004C0A42 /* AppDelegate.swift */; };
		B83A99202AAC5540004C0A42 /* SceneDelegate.swift in Sources */ = {isa = PBXBuildFile; fileRef = B83A991F2AAC5540004C0A42 /* SceneDelegate.swift */; };
		B83A99272AAC5541004C0A42 /* Assets.xcassets in Resources */ = {isa = PBXBuildFile; fileRef = B83A99262AAC5541004C0A42 /* Assets.xcassets */; };
		B83A992A2AAC5541004C0A42 /* LaunchScreen.storyboard in Resources */ = {isa = PBXBuildFile; fileRef = B83A99282AAC5541004C0A42 /* LaunchScreen.storyboard */; };
		B83A99322AAC5565004C0A42 /* MainTabBarController.swift in Sources */ = {isa = PBXBuildFile; fileRef = B83A99312AAC5565004C0A42 /* MainTabBarController.swift */; };
		B85410ED2AB5BCBB00957BB1 /* AppStorageProtocol.swift in Sources */ = {isa = PBXBuildFile; fileRef = B85410EC2AB5BCBB00957BB1 /* AppStorageProtocol.swift */; };
		B85410F02AB5BD8100957BB1 /* CommonRepository.swift in Sources */ = {isa = PBXBuildFile; fileRef = B85410EF2AB5BD8100957BB1 /* CommonRepository.swift */; };
		B85410F32AB5C6EF00957BB1 /* AppContext.swift in Sources */ = {isa = PBXBuildFile; fileRef = B85410F22AB5C6EF00957BB1 /* AppContext.swift */; };
		B85410F72AB5CEFC00957BB1 /* BasePanModalPresentable.swift in Sources */ = {isa = PBXBuildFile; fileRef = B85410F62AB5CEFC00957BB1 /* BasePanModalPresentable.swift */; };
		B85410FA2AB5D31700957BB1 /* CommonToast.swift in Sources */ = {isa = PBXBuildFile; fileRef = B85410F92AB5D31700957BB1 /* CommonToast.swift */; };
		B85411002AB5D51500957BB1 /* NotoSans-Regular.ttf in Resources */ = {isa = PBXBuildFile; fileRef = B85410FE2AB5D51500957BB1 /* NotoSans-Regular.ttf */; };
		B85411012AB5D51500957BB1 /* NotoSans-SemiBold.ttf in Resources */ = {isa = PBXBuildFile; fileRef = B85410FF2AB5D51500957BB1 /* NotoSans-SemiBold.ttf */; };
		B85411032AB5D54F00957BB1 /* defaultLoading.json in Resources */ = {isa = PBXBuildFile; fileRef = B85411022AB5D54F00957BB1 /* defaultLoading.json */; };
		B85411052AB5D58700957BB1 /* LottieResourceManager.swift in Sources */ = {isa = PBXBuildFile; fileRef = B85411042AB5D58700957BB1 /* LottieResourceManager.swift */; };
		B85411072AB5D5DA00957BB1 /* CommonEmptyLabel.swift in Sources */ = {isa = PBXBuildFile; fileRef = B85411062AB5D5DA00957BB1 /* CommonEmptyLabel.swift */; };
		B85411092AB5D60900957BB1 /* CommonRetryView.swift in Sources */ = {isa = PBXBuildFile; fileRef = B85411082AB5D60900957BB1 /* CommonRetryView.swift */; };
		B854110C2AB5D62A00957BB1 /* RetryEnableProtocol.swift in Sources */ = {isa = PBXBuildFile; fileRef = B854110B2AB5D62A00957BB1 /* RetryEnableProtocol.swift */; };
		B854110F2AB5D77000957BB1 /* IntroViewProtocol.swift in Sources */ = {isa = PBXBuildFile; fileRef = B854110E2AB5D77000957BB1 /* IntroViewProtocol.swift */; };
		B85411112AB5D78000957BB1 /* CommonLoadingView.swift in Sources */ = {isa = PBXBuildFile; fileRef = B85411102AB5D78000957BB1 /* CommonLoadingView.swift */; };
		B85411132AB5D7AA00957BB1 /* CommonBlurView.swift in Sources */ = {isa = PBXBuildFile; fileRef = B85411122AB5D7AA00957BB1 /* CommonBlurView.swift */; };
		B887C17E2ABEA27E008257A0 /* HomeChampionCatogoryListTableViewCell.swift in Sources */ = {isa = PBXBuildFile; fileRef = B887C17D2ABEA27E008257A0 /* HomeChampionCatogoryListTableViewCell.swift */; };
		B887C1812ABEA391008257A0 /* HomeChampionSmallCatogoryCollectionViewCell.swift in Sources */ = {isa = PBXBuildFile; fileRef = B887C1802ABEA391008257A0 /* HomeChampionSmallCatogoryCollectionViewCell.swift */; };
		B887C1832ABEA4B5008257A0 /* HomeChampionCategoryAttribute.swift in Sources */ = {isa = PBXBuildFile; fileRef = B887C1822ABEA4B5008257A0 /* HomeChampionCategoryAttribute.swift */; };
		B887C1862ABEB03B008257A0 /* HomeRepository.swift in Sources */ = {isa = PBXBuildFile; fileRef = B887C1852ABEB03B008257A0 /* HomeRepository.swift */; };
		B887C1892ABEB181008257A0 /* RiotAPIResult.swift in Sources */ = {isa = PBXBuildFile; fileRef = B887C1882ABEB181008257A0 /* RiotAPIResult.swift */; };
		B887C18C2ABEB26D008257A0 /* RiotAPI.swift in Sources */ = {isa = PBXBuildFile; fileRef = B887C18B2ABEB26D008257A0 /* RiotAPI.swift */; };
		B89F51E12AAC575E00C8AE64 /* BaseViewControllerProtocol.swift in Sources */ = {isa = PBXBuildFile; fileRef = B89F51E02AAC575E00C8AE64 /* BaseViewControllerProtocol.swift */; };
		B89F51E42AAC57B600C8AE64 /* BaseViewControllerLifeCycleStatus.swift in Sources */ = {isa = PBXBuildFile; fileRef = B89F51E32AAC57B600C8AE64 /* BaseViewControllerLifeCycleStatus.swift */; };
		B89F51E62AAC57D500C8AE64 /* BaseViewModel.swift in Sources */ = {isa = PBXBuildFile; fileRef = B89F51E52AAC57D500C8AE64 /* BaseViewModel.swift */; };
		B89F51E82AAC580500C8AE64 /* BaseViewController.swift in Sources */ = {isa = PBXBuildFile; fileRef = B89F51E72AAC580500C8AE64 /* BaseViewController.swift */; };
		B89F51EC2AAC58E900C8AE64 /* NSObject+extension.swift in Sources */ = {isa = PBXBuildFile; fileRef = B89F51EB2AAC58E900C8AE64 /* NSObject+extension.swift */; };
		B89F51EE2AAC5A4100C8AE64 /* CommonReactive+extension.swift in Sources */ = {isa = PBXBuildFile; fileRef = B89F51ED2AAC5A4100C8AE64 /* CommonReactive+extension.swift */; };
		B89F51F02AAC5AD000C8AE64 /* UIView+extension.swift in Sources */ = {isa = PBXBuildFile; fileRef = B89F51EF2AAC5AD000C8AE64 /* UIView+extension.swift */; };
		B89F51F42AAC5C4D00C8AE64 /* Array+extension.swift in Sources */ = {isa = PBXBuildFile; fileRef = B89F51F32AAC5C4D00C8AE64 /* Array+extension.swift */; };
		B8BDDD6D2ABA5E21003D863D /* UICollectionView+extension.swift in Sources */ = {isa = PBXBuildFile; fileRef = B8BDDD6C2ABA5E21003D863D /* UICollectionView+extension.swift */; };
		B8BDDD702ABA617E003D863D /* UIImageView+extension.swift in Sources */ = {isa = PBXBuildFile; fileRef = B8BDDD6F2ABA617E003D863D /* UIImageView+extension.swift */; };
		B8BDDD722ABA620D003D863D /* Date+extension.swift in Sources */ = {isa = PBXBuildFile; fileRef = B8BDDD712ABA620D003D863D /* Date+extension.swift */; };
		B8D9AC1C2AB6C618007A12E3 /* CommonModal.swift in Sources */ = {isa = PBXBuildFile; fileRef = B8D9AC1B2AB6C618007A12E3 /* CommonModal.swift */; };
		B8D9AC1F2AB6EA11007A12E3 /* CommonBottomModalAction.swift in Sources */ = {isa = PBXBuildFile; fileRef = B8D9AC1E2AB6EA11007A12E3 /* CommonBottomModalAction.swift */; };
		B8D9AC212AB6EA26007A12E3 /* CommonBottomModal.swift in Sources */ = {isa = PBXBuildFile; fileRef = B8D9AC202AB6EA26007A12E3 /* CommonBottomModal.swift */; };
		B8DDB8BD2ABEB7810068C7C0 /* LOLChampionTagCategory.swift in Sources */ = {isa = PBXBuildFile; fileRef = B8DDB8BC2ABEB7810068C7C0 /* LOLChampionTagCategory.swift */; };
		B8DDB8BF2ABEC4320068C7C0 /* LOLChampionImageSizeStatus.swift in Sources */ = {isa = PBXBuildFile; fileRef = B8DDB8BE2ABEC4320068C7C0 /* LOLChampionImageSizeStatus.swift */; };
		B8DDB8C12ABF08F40068C7C0 /* LOLSkillStatus.swift in Sources */ = {isa = PBXBuildFile; fileRef = B8DDB8C02ABF08F40068C7C0 /* LOLSkillStatus.swift */; };
		B8DDB8C32ABF0FE00068C7C0 /* Int+extension.swift in Sources */ = {isa = PBXBuildFile; fileRef = B8DDB8C22ABF0FE00068C7C0 /* Int+extension.swift */; };
		B8DDB8C52ABF10B50068C7C0 /* String+extension.swift in Sources */ = {isa = PBXBuildFile; fileRef = B8DDB8C42ABF10B50068C7C0 /* String+extension.swift */; };
		B8DDB8C72ABF21B70068C7C0 /* NestStepFontSize.swift in Sources */ = {isa = PBXBuildFile; fileRef = B8DDB8C62ABF21B70068C7C0 /* NestStepFontSize.swift */; };
		B8DDB8CA2AC024C80068C7C0 /* HomeBetweenBannerTableViewCell.swift in Sources */ = {isa = PBXBuildFile; fileRef = B8DDB8C92AC024C80068C7C0 /* HomeBetweenBannerTableViewCell.swift */; };
		B8DDB8CC2AC0263D0068C7C0 /* HomeBetweenBannerAttribute.swift in Sources */ = {isa = PBXBuildFile; fileRef = B8DDB8CB2AC0263D0068C7C0 /* HomeBetweenBannerAttribute.swift */; };
		B8DDB8D72AC044CC0068C7C0 /* HomeChampionCatogoryCollectionViewCell.swift in Sources */ = {isa = PBXBuildFile; fileRef = B8DDB8D62AC044CC0068C7C0 /* HomeChampionCatogoryCollectionViewCell.swift */; };
		B8DDB8D92AC045350068C7C0 /* HomeChampionLargeCatogoryCollectionViewCell.swift in Sources */ = {isa = PBXBuildFile; fileRef = B8DDB8D82AC045350068C7C0 /* HomeChampionLargeCatogoryCollectionViewCell.swift */; };
		B8DDB8DC2AC04B9A0068C7C0 /* LookAroundCategoryListTableViewCell.swift in Sources */ = {isa = PBXBuildFile; fileRef = B8DDB8DB2AC04B9A0068C7C0 /* LookAroundCategoryListTableViewCell.swift */; };
		B8DDB8DF2AC051D00068C7C0 /* LookAroundCategoryAttribute.swift in Sources */ = {isa = PBXBuildFile; fileRef = B8DDB8DE2AC051D00068C7C0 /* LookAroundCategoryAttribute.swift */; };
		B8DDB8E42AC05D280068C7C0 /* LookAroundCategoryView.swift in Sources */ = {isa = PBXBuildFile; fileRef = B8DDB8E32AC05D280068C7C0 /* LookAroundCategoryView.swift */; };
		B8DDB8E82AC060B50068C7C0 /* LookAroundLayoutStatus.swift in Sources */ = {isa = PBXBuildFile; fileRef = B8DDB8E72AC060B50068C7C0 /* LookAroundLayoutStatus.swift */; };
		B8DDB8EA2AC15C730068C7C0 /* LookAroundChartAttribute.swift in Sources */ = {isa = PBXBuildFile; fileRef = B8DDB8E92AC15C730068C7C0 /* LookAroundChartAttribute.swift */; };
		B8DDB8EC2AC15C860068C7C0 /* LookAroundChampionRankAttribute.swift in Sources */ = {isa = PBXBuildFile; fileRef = B8DDB8EB2AC15C860068C7C0 /* LookAroundChampionRankAttribute.swift */; };
		B8DDB8EE2AC15C9A0068C7C0 /* LookAroundInterestedGroupAttribute.swift in Sources */ = {isa = PBXBuildFile; fileRef = B8DDB8ED2AC15C9A0068C7C0 /* LookAroundInterestedGroupAttribute.swift */; };
		B8DDB8F12AC1604A0068C7C0 /* LookAroundRepository.swift in Sources */ = {isa = PBXBuildFile; fileRef = B8DDB8F02AC1604A0068C7C0 /* LookAroundRepository.swift */; };
		B8DDB8F32AC1627F0068C7C0 /* LookAroundInterestedStatus.swift in Sources */ = {isa = PBXBuildFile; fileRef = B8DDB8F22AC1627F0068C7C0 /* LookAroundInterestedStatus.swift */; };
		B8DDB8F62AC170540068C7C0 /* LookAroundChartListTableViewCell.swift in Sources */ = {isa = PBXBuildFile; fileRef = B8DDB8F52AC170540068C7C0 /* LookAroundChartListTableViewCell.swift */; };
		B8DDB8F92AC18D880068C7C0 /* LookAroundChartChampionCollectionView.swift in Sources */ = {isa = PBXBuildFile; fileRef = B8DDB8F82AC18D880068C7C0 /* LookAroundChartChampionCollectionView.swift */; };
		B8DDB8FC2AC1A9AE0068C7C0 /* LookAroundInterestedTableViewCell.swift in Sources */ = {isa = PBXBuildFile; fileRef = B8DDB8FB2AC1A9AE0068C7C0 /* LookAroundInterestedTableViewCell.swift */; };
		B8DDB8FF2AC1AB990068C7C0 /* LookAroundInterestedCollectionViewCell.swift in Sources */ = {isa = PBXBuildFile; fileRef = B8DDB8FE2AC1AB990068C7C0 /* LookAroundInterestedCollectionViewCell.swift */; };
		B8E7C0332AB90A0200E310AF /* HomeBannerView.swift in Sources */ = {isa = PBXBuildFile; fileRef = B8E7C0322AB90A0200E310AF /* HomeBannerView.swift */; };
		B8E7C0362AB9144700E310AF /* LOLPositionCategory.swift in Sources */ = {isa = PBXBuildFile; fileRef = B8E7C0352AB9144700E310AF /* LOLPositionCategory.swift */; };
		B8E7C0382AB9148100E310AF /* LOLTierCategory.swift in Sources */ = {isa = PBXBuildFile; fileRef = B8E7C0372AB9148100E310AF /* LOLTierCategory.swift */; };
		B8E7C03C2AB9155C00E310AF /* HomeBannerCollectionViewCell.swift in Sources */ = {isa = PBXBuildFile; fileRef = B8E7C03B2AB9155C00E310AF /* HomeBannerCollectionViewCell.swift */; };
		B8E7C03E2AB918A900E310AF /* Font+extension.swift in Sources */ = {isa = PBXBuildFile; fileRef = B8E7C03D2AB918A900E310AF /* Font+extension.swift */; };
		B8E7C0432AB91BC000E310AF /* NestStepCornerRadius.swift in Sources */ = {isa = PBXBuildFile; fileRef = B8E7C0422AB91BC000E310AF /* NestStepCornerRadius.swift */; };
		B8E7C0472AB9204100E310AF /* HomeBannerItemAttribute.swift in Sources */ = {isa = PBXBuildFile; fileRef = B8E7C0462AB9204100E310AF /* HomeBannerItemAttribute.swift */; };
		B8EF40EF2ABA6EE80046D2CB /* UITableView+extension.swift in Sources */ = {isa = PBXBuildFile; fileRef = B8EF40EE2ABA6EE80046D2CB /* UITableView+extension.swift */; };
		B8EF40F12ABA6F330046D2CB /* HomeLayoutCategory.swift in Sources */ = {isa = PBXBuildFile; fileRef = B8EF40F02ABA6F330046D2CB /* HomeLayoutCategory.swift */; };
/* End PBXBuildFile section */

/* Begin PBXFileReference section */
		14F31F88F030049DFCB836D0 /* Pods_nextStep.framework */ = {isa = PBXFileReference; explicitFileType = wrapper.framework; includeInIndex = 0; path = Pods_nextStep.framework; sourceTree = BUILT_PRODUCTS_DIR; };
		401AE0E326BB00AAADE86895 /* Pods-nextStep.release.xcconfig */ = {isa = PBXFileReference; includeInIndex = 1; lastKnownFileType = text.xcconfig; name = "Pods-nextStep.release.xcconfig"; path = "Target Support Files/Pods-nextStep/Pods-nextStep.release.xcconfig"; sourceTree = "<group>"; };
		B80E741A2AB71CF2007440D6 /* LookAroundViewController.swift */ = {isa = PBXFileReference; lastKnownFileType = sourcecode.swift; path = LookAroundViewController.swift; sourceTree = "<group>"; };
		B80E741C2AB71CFB007440D6 /* LookAroundViewModel.swift */ = {isa = PBXFileReference; lastKnownFileType = sourcecode.swift; path = LookAroundViewModel.swift; sourceTree = "<group>"; };
		B80E741E2AB71D51007440D6 /* GalleryViewController.swift */ = {isa = PBXFileReference; lastKnownFileType = sourcecode.swift; path = GalleryViewController.swift; sourceTree = "<group>"; };
		B80E74202AB71D5F007440D6 /* GalleryViewModel.swift */ = {isa = PBXFileReference; lastKnownFileType = sourcecode.swift; path = GalleryViewModel.swift; sourceTree = "<group>"; };
		B80E74222AB71D7B007440D6 /* HomeViewController.swift */ = {isa = PBXFileReference; lastKnownFileType = sourcecode.swift; path = HomeViewController.swift; sourceTree = "<group>"; };
		B80E74242AB71D8C007440D6 /* HomeViewModel.swift */ = {isa = PBXFileReference; lastKnownFileType = sourcecode.swift; path = HomeViewModel.swift; sourceTree = "<group>"; };
		B80E74282AB71F04007440D6 /* MainTapBarCategory.swift */ = {isa = PBXFileReference; lastKnownFileType = sourcecode.swift; path = MainTapBarCategory.swift; sourceTree = "<group>"; };
		B80E74362AB7280C007440D6 /* DefaultAttributeManager.swift */ = {isa = PBXFileReference; lastKnownFileType = sourcecode.swift; path = DefaultAttributeManager.swift; sourceTree = "<group>"; };
		B837A8D82AAC6C4100A5F407 /* R.generated.swift */ = {isa = PBXFileReference; fileEncoding = 4; lastKnownFileType = sourcecode.swift; name = R.generated.swift; path = nextStep/Support/Resource/R.generated.swift; sourceTree = SOURCE_ROOT; };
		B837A8E02AAC6E2800A5F407 /* ko */ = {isa = PBXFileReference; lastKnownFileType = text.plist.strings; name = ko; path = ko.lproj/LaunchScreen.strings; sourceTree = "<group>"; };
		B837A8E12AAC6E2900A5F407 /* ko */ = {isa = PBXFileReference; lastKnownFileType = text.plist.strings; name = ko; path = ko.lproj/Localizable.strings; sourceTree = "<group>"; };
		B837A8E32AAC707100A5F407 /* Dictionary+extension.swift */ = {isa = PBXFileReference; lastKnownFileType = sourcecode.swift; path = "Dictionary+extension.swift"; sourceTree = "<group>"; };
		B837A8E52AAC712200A5F407 /* Codable+extension.swift */ = {isa = PBXFileReference; lastKnownFileType = sourcecode.swift; path = "Codable+extension.swift"; sourceTree = "<group>"; };
		B837A8E72AAC73CA00A5F407 /* APIRequestContextProtocol.swift */ = {isa = PBXFileReference; lastKnownFileType = sourcecode.swift; path = APIRequestContextProtocol.swift; sourceTree = "<group>"; };
		B837A8E92AAC7F6300A5F407 /* AppConfigure.swift */ = {isa = PBXFileReference; lastKnownFileType = sourcecode.swift; path = AppConfigure.swift; sourceTree = "<group>"; };
		B837A8EB2AAC7FC500A5F407 /* RiotAPIRequestContext.swift */ = {isa = PBXFileReference; lastKnownFileType = sourcecode.swift; path = RiotAPIRequestContext.swift; sourceTree = "<group>"; };
		B837A8ED2AAC7FE200A5F407 /* CommonRESTfulAPIService.swift */ = {isa = PBXFileReference; lastKnownFileType = sourcecode.swift; path = CommonRESTfulAPIService.swift; sourceTree = "<group>"; };
		B837A8EF2AAC808300A5F407 /* APIRequestUIMode.swift */ = {isa = PBXFileReference; lastKnownFileType = sourcecode.swift; path = APIRequestUIMode.swift; sourceTree = "<group>"; };
		B837A8F32AAC80AC00A5F407 /* APIResultUIMode.swift */ = {isa = PBXFileReference; lastKnownFileType = sourcecode.swift; path = APIResultUIMode.swift; sourceTree = "<group>"; };
		B837A8F52AAC87EC00A5F407 /* NetworkError.swift */ = {isa = PBXFileReference; lastKnownFileType = sourcecode.swift; path = NetworkError.swift; sourceTree = "<group>"; };
		B837A8FA2AAC8F4000A5F407 /* APIWrapperProtocol.swift */ = {isa = PBXFileReference; lastKnownFileType = sourcecode.swift; path = APIWrapperProtocol.swift; sourceTree = "<group>"; };
		B837A8FF2AACAA2F00A5F407 /* RiotWrapper.swift */ = {isa = PBXFileReference; lastKnownFileType = sourcecode.swift; path = RiotWrapper.swift; sourceTree = "<group>"; };
		B837ADF62AC2C74400BE7D2C /* ChampionDetailViewController.swift */ = {isa = PBXFileReference; lastKnownFileType = sourcecode.swift; path = ChampionDetailViewController.swift; sourceTree = "<group>"; };
		B837ADF92AC2C76800BE7D2C /* ChampionDetailViewModel.swift */ = {isa = PBXFileReference; lastKnownFileType = sourcecode.swift; path = ChampionDetailViewModel.swift; sourceTree = "<group>"; };
		B837ADFE2AC2D09600BE7D2C /* ChampionDetailInformationView.swift */ = {isa = PBXFileReference; lastKnownFileType = sourcecode.swift; path = ChampionDetailInformationView.swift; sourceTree = "<group>"; };
		B837AE002AC2E20700BE7D2C /* ChampionDetailSkinListView.swift */ = {isa = PBXFileReference; lastKnownFileType = sourcecode.swift; path = ChampionDetailSkinListView.swift; sourceTree = "<group>"; };
		B837AE032AC2ED8000BE7D2C /* ChampionDetailBlurTableViewCell.swift */ = {isa = PBXFileReference; lastKnownFileType = sourcecode.swift; path = ChampionDetailBlurTableViewCell.swift; sourceTree = "<group>"; };
		B837AE052AC2EE5600BE7D2C /* ChampionDetailDescriptionTableViewCell.swift */ = {isa = PBXFileReference; lastKnownFileType = sourcecode.swift; path = ChampionDetailDescriptionTableViewCell.swift; sourceTree = "<group>"; };
		B837AE072AC2EEAC00BE7D2C /* ChampionDetailLayoutStatus.swift */ = {isa = PBXFileReference; lastKnownFileType = sourcecode.swift; path = ChampionDetailLayoutStatus.swift; sourceTree = "<group>"; };
		B83A991A2AAC5540004C0A42 /* nextStep.app */ = {isa = PBXFileReference; explicitFileType = wrapper.application; includeInIndex = 0; path = nextStep.app; sourceTree = BUILT_PRODUCTS_DIR; };
		B83A991D2AAC5540004C0A42 /* AppDelegate.swift */ = {isa = PBXFileReference; lastKnownFileType = sourcecode.swift; path = AppDelegate.swift; sourceTree = "<group>"; };
		B83A991F2AAC5540004C0A42 /* SceneDelegate.swift */ = {isa = PBXFileReference; lastKnownFileType = sourcecode.swift; path = SceneDelegate.swift; sourceTree = "<group>"; };
		B83A99262AAC5541004C0A42 /* Assets.xcassets */ = {isa = PBXFileReference; lastKnownFileType = folder.assetcatalog; path = Assets.xcassets; sourceTree = "<group>"; };
		B83A99292AAC5541004C0A42 /* Base */ = {isa = PBXFileReference; lastKnownFileType = file.storyboard; name = Base; path = Base.lproj/LaunchScreen.storyboard; sourceTree = "<group>"; };
		B83A992B2AAC5541004C0A42 /* Info.plist */ = {isa = PBXFileReference; lastKnownFileType = text.plist.xml; path = Info.plist; sourceTree = "<group>"; };
		B83A99312AAC5565004C0A42 /* MainTabBarController.swift */ = {isa = PBXFileReference; lastKnownFileType = sourcecode.swift; path = MainTabBarController.swift; sourceTree = "<group>"; };
		B85410EC2AB5BCBB00957BB1 /* AppStorageProtocol.swift */ = {isa = PBXFileReference; lastKnownFileType = sourcecode.swift; path = AppStorageProtocol.swift; sourceTree = "<group>"; };
		B85410EF2AB5BD8100957BB1 /* CommonRepository.swift */ = {isa = PBXFileReference; lastKnownFileType = sourcecode.swift; path = CommonRepository.swift; sourceTree = "<group>"; };
		B85410F22AB5C6EF00957BB1 /* AppContext.swift */ = {isa = PBXFileReference; lastKnownFileType = sourcecode.swift; path = AppContext.swift; sourceTree = "<group>"; };
		B85410F62AB5CEFC00957BB1 /* BasePanModalPresentable.swift */ = {isa = PBXFileReference; lastKnownFileType = sourcecode.swift; path = BasePanModalPresentable.swift; sourceTree = "<group>"; };
		B85410F92AB5D31700957BB1 /* CommonToast.swift */ = {isa = PBXFileReference; lastKnownFileType = sourcecode.swift; path = CommonToast.swift; sourceTree = "<group>"; };
		B85410FE2AB5D51500957BB1 /* NotoSans-Regular.ttf */ = {isa = PBXFileReference; lastKnownFileType = file; path = "NotoSans-Regular.ttf"; sourceTree = "<group>"; };
		B85410FF2AB5D51500957BB1 /* NotoSans-SemiBold.ttf */ = {isa = PBXFileReference; lastKnownFileType = file; path = "NotoSans-SemiBold.ttf"; sourceTree = "<group>"; };
		B85411022AB5D54F00957BB1 /* defaultLoading.json */ = {isa = PBXFileReference; fileEncoding = 4; lastKnownFileType = text.json; path = defaultLoading.json; sourceTree = "<group>"; };
		B85411042AB5D58700957BB1 /* LottieResourceManager.swift */ = {isa = PBXFileReference; lastKnownFileType = sourcecode.swift; path = LottieResourceManager.swift; sourceTree = "<group>"; };
		B85411062AB5D5DA00957BB1 /* CommonEmptyLabel.swift */ = {isa = PBXFileReference; lastKnownFileType = sourcecode.swift; path = CommonEmptyLabel.swift; sourceTree = "<group>"; };
		B85411082AB5D60900957BB1 /* CommonRetryView.swift */ = {isa = PBXFileReference; lastKnownFileType = sourcecode.swift; path = CommonRetryView.swift; sourceTree = "<group>"; };
		B854110B2AB5D62A00957BB1 /* RetryEnableProtocol.swift */ = {isa = PBXFileReference; lastKnownFileType = sourcecode.swift; path = RetryEnableProtocol.swift; sourceTree = "<group>"; };
		B854110E2AB5D77000957BB1 /* IntroViewProtocol.swift */ = {isa = PBXFileReference; lastKnownFileType = sourcecode.swift; path = IntroViewProtocol.swift; sourceTree = "<group>"; };
		B85411102AB5D78000957BB1 /* CommonLoadingView.swift */ = {isa = PBXFileReference; lastKnownFileType = sourcecode.swift; path = CommonLoadingView.swift; sourceTree = "<group>"; };
		B85411122AB5D7AA00957BB1 /* CommonBlurView.swift */ = {isa = PBXFileReference; lastKnownFileType = sourcecode.swift; path = CommonBlurView.swift; sourceTree = "<group>"; };
		B887C17D2ABEA27E008257A0 /* HomeChampionCatogoryListTableViewCell.swift */ = {isa = PBXFileReference; lastKnownFileType = sourcecode.swift; path = HomeChampionCatogoryListTableViewCell.swift; sourceTree = "<group>"; };
		B887C1802ABEA391008257A0 /* HomeChampionSmallCatogoryCollectionViewCell.swift */ = {isa = PBXFileReference; lastKnownFileType = sourcecode.swift; path = HomeChampionSmallCatogoryCollectionViewCell.swift; sourceTree = "<group>"; };
		B887C1822ABEA4B5008257A0 /* HomeChampionCategoryAttribute.swift */ = {isa = PBXFileReference; lastKnownFileType = sourcecode.swift; path = HomeChampionCategoryAttribute.swift; sourceTree = "<group>"; };
		B887C1852ABEB03B008257A0 /* HomeRepository.swift */ = {isa = PBXFileReference; lastKnownFileType = sourcecode.swift; path = HomeRepository.swift; sourceTree = "<group>"; };
		B887C1882ABEB181008257A0 /* RiotAPIResult.swift */ = {isa = PBXFileReference; lastKnownFileType = sourcecode.swift; path = RiotAPIResult.swift; sourceTree = "<group>"; };
		B887C18B2ABEB26D008257A0 /* RiotAPI.swift */ = {isa = PBXFileReference; lastKnownFileType = sourcecode.swift; path = RiotAPI.swift; sourceTree = "<group>"; };
		B89F51E02AAC575E00C8AE64 /* BaseViewControllerProtocol.swift */ = {isa = PBXFileReference; lastKnownFileType = sourcecode.swift; path = BaseViewControllerProtocol.swift; sourceTree = "<group>"; };
		B89F51E32AAC57B600C8AE64 /* BaseViewControllerLifeCycleStatus.swift */ = {isa = PBXFileReference; lastKnownFileType = sourcecode.swift; path = BaseViewControllerLifeCycleStatus.swift; sourceTree = "<group>"; };
		B89F51E52AAC57D500C8AE64 /* BaseViewModel.swift */ = {isa = PBXFileReference; lastKnownFileType = sourcecode.swift; path = BaseViewModel.swift; sourceTree = "<group>"; };
		B89F51E72AAC580500C8AE64 /* BaseViewController.swift */ = {isa = PBXFileReference; lastKnownFileType = sourcecode.swift; path = BaseViewController.swift; sourceTree = "<group>"; };
		B89F51EB2AAC58E900C8AE64 /* NSObject+extension.swift */ = {isa = PBXFileReference; lastKnownFileType = sourcecode.swift; path = "NSObject+extension.swift"; sourceTree = "<group>"; };
		B89F51ED2AAC5A4100C8AE64 /* CommonReactive+extension.swift */ = {isa = PBXFileReference; lastKnownFileType = sourcecode.swift; path = "CommonReactive+extension.swift"; sourceTree = "<group>"; };
		B89F51EF2AAC5AD000C8AE64 /* UIView+extension.swift */ = {isa = PBXFileReference; lastKnownFileType = sourcecode.swift; path = "UIView+extension.swift"; sourceTree = "<group>"; };
		B89F51F32AAC5C4D00C8AE64 /* Array+extension.swift */ = {isa = PBXFileReference; lastKnownFileType = sourcecode.swift; path = "Array+extension.swift"; sourceTree = "<group>"; };
		B8BDDD6C2ABA5E21003D863D /* UICollectionView+extension.swift */ = {isa = PBXFileReference; lastKnownFileType = sourcecode.swift; path = "UICollectionView+extension.swift"; sourceTree = "<group>"; };
		B8BDDD6F2ABA617E003D863D /* UIImageView+extension.swift */ = {isa = PBXFileReference; lastKnownFileType = sourcecode.swift; path = "UIImageView+extension.swift"; sourceTree = "<group>"; };
		B8BDDD712ABA620D003D863D /* Date+extension.swift */ = {isa = PBXFileReference; lastKnownFileType = sourcecode.swift; path = "Date+extension.swift"; sourceTree = "<group>"; };
		B8D9AC1B2AB6C618007A12E3 /* CommonModal.swift */ = {isa = PBXFileReference; lastKnownFileType = sourcecode.swift; path = CommonModal.swift; sourceTree = "<group>"; };
		B8D9AC1E2AB6EA11007A12E3 /* CommonBottomModalAction.swift */ = {isa = PBXFileReference; lastKnownFileType = sourcecode.swift; path = CommonBottomModalAction.swift; sourceTree = "<group>"; };
		B8D9AC202AB6EA26007A12E3 /* CommonBottomModal.swift */ = {isa = PBXFileReference; lastKnownFileType = sourcecode.swift; path = CommonBottomModal.swift; sourceTree = "<group>"; };
		B8DDB8BC2ABEB7810068C7C0 /* LOLChampionTagCategory.swift */ = {isa = PBXFileReference; lastKnownFileType = sourcecode.swift; path = LOLChampionTagCategory.swift; sourceTree = "<group>"; };
		B8DDB8BE2ABEC4320068C7C0 /* LOLChampionImageSizeStatus.swift */ = {isa = PBXFileReference; lastKnownFileType = sourcecode.swift; path = LOLChampionImageSizeStatus.swift; sourceTree = "<group>"; };
		B8DDB8C02ABF08F40068C7C0 /* LOLSkillStatus.swift */ = {isa = PBXFileReference; lastKnownFileType = sourcecode.swift; path = LOLSkillStatus.swift; sourceTree = "<group>"; };
		B8DDB8C22ABF0FE00068C7C0 /* Int+extension.swift */ = {isa = PBXFileReference; lastKnownFileType = sourcecode.swift; path = "Int+extension.swift"; sourceTree = "<group>"; };
		B8DDB8C42ABF10B50068C7C0 /* String+extension.swift */ = {isa = PBXFileReference; lastKnownFileType = sourcecode.swift; path = "String+extension.swift"; sourceTree = "<group>"; };
		B8DDB8C62ABF21B70068C7C0 /* NestStepFontSize.swift */ = {isa = PBXFileReference; lastKnownFileType = sourcecode.swift; path = NestStepFontSize.swift; sourceTree = "<group>"; };
		B8DDB8C92AC024C80068C7C0 /* HomeBetweenBannerTableViewCell.swift */ = {isa = PBXFileReference; lastKnownFileType = sourcecode.swift; path = HomeBetweenBannerTableViewCell.swift; sourceTree = "<group>"; };
		B8DDB8CB2AC0263D0068C7C0 /* HomeBetweenBannerAttribute.swift */ = {isa = PBXFileReference; lastKnownFileType = sourcecode.swift; path = HomeBetweenBannerAttribute.swift; sourceTree = "<group>"; };
		B8DDB8D62AC044CC0068C7C0 /* HomeChampionCatogoryCollectionViewCell.swift */ = {isa = PBXFileReference; lastKnownFileType = sourcecode.swift; path = HomeChampionCatogoryCollectionViewCell.swift; sourceTree = "<group>"; };
		B8DDB8D82AC045350068C7C0 /* HomeChampionLargeCatogoryCollectionViewCell.swift */ = {isa = PBXFileReference; lastKnownFileType = sourcecode.swift; path = HomeChampionLargeCatogoryCollectionViewCell.swift; sourceTree = "<group>"; };
		B8DDB8DB2AC04B9A0068C7C0 /* LookAroundCategoryListTableViewCell.swift */ = {isa = PBXFileReference; lastKnownFileType = sourcecode.swift; path = LookAroundCategoryListTableViewCell.swift; sourceTree = "<group>"; };
		B8DDB8DE2AC051D00068C7C0 /* LookAroundCategoryAttribute.swift */ = {isa = PBXFileReference; lastKnownFileType = sourcecode.swift; path = LookAroundCategoryAttribute.swift; sourceTree = "<group>"; };
		B8DDB8E32AC05D280068C7C0 /* LookAroundCategoryView.swift */ = {isa = PBXFileReference; lastKnownFileType = sourcecode.swift; path = LookAroundCategoryView.swift; sourceTree = "<group>"; };
		B8DDB8E72AC060B50068C7C0 /* LookAroundLayoutStatus.swift */ = {isa = PBXFileReference; lastKnownFileType = sourcecode.swift; path = LookAroundLayoutStatus.swift; sourceTree = "<group>"; };
		B8DDB8E92AC15C730068C7C0 /* LookAroundChartAttribute.swift */ = {isa = PBXFileReference; lastKnownFileType = sourcecode.swift; path = LookAroundChartAttribute.swift; sourceTree = "<group>"; };
		B8DDB8EB2AC15C860068C7C0 /* LookAroundChampionRankAttribute.swift */ = {isa = PBXFileReference; lastKnownFileType = sourcecode.swift; path = LookAroundChampionRankAttribute.swift; sourceTree = "<group>"; };
		B8DDB8ED2AC15C9A0068C7C0 /* LookAroundInterestedGroupAttribute.swift */ = {isa = PBXFileReference; lastKnownFileType = sourcecode.swift; path = LookAroundInterestedGroupAttribute.swift; sourceTree = "<group>"; };
		B8DDB8F02AC1604A0068C7C0 /* LookAroundRepository.swift */ = {isa = PBXFileReference; lastKnownFileType = sourcecode.swift; path = LookAroundRepository.swift; sourceTree = "<group>"; };
		B8DDB8F22AC1627F0068C7C0 /* LookAroundInterestedStatus.swift */ = {isa = PBXFileReference; lastKnownFileType = sourcecode.swift; path = LookAroundInterestedStatus.swift; sourceTree = "<group>"; };
		B8DDB8F52AC170540068C7C0 /* LookAroundChartListTableViewCell.swift */ = {isa = PBXFileReference; lastKnownFileType = sourcecode.swift; path = LookAroundChartListTableViewCell.swift; sourceTree = "<group>"; };
		B8DDB8F82AC18D880068C7C0 /* LookAroundChartChampionCollectionView.swift */ = {isa = PBXFileReference; lastKnownFileType = sourcecode.swift; path = LookAroundChartChampionCollectionView.swift; sourceTree = "<group>"; };
		B8DDB8FB2AC1A9AE0068C7C0 /* LookAroundInterestedTableViewCell.swift */ = {isa = PBXFileReference; lastKnownFileType = sourcecode.swift; path = LookAroundInterestedTableViewCell.swift; sourceTree = "<group>"; };
		B8DDB8FE2AC1AB990068C7C0 /* LookAroundInterestedCollectionViewCell.swift */ = {isa = PBXFileReference; lastKnownFileType = sourcecode.swift; path = LookAroundInterestedCollectionViewCell.swift; sourceTree = "<group>"; };
		B8E7C0322AB90A0200E310AF /* HomeBannerView.swift */ = {isa = PBXFileReference; lastKnownFileType = sourcecode.swift; path = HomeBannerView.swift; sourceTree = "<group>"; };
		B8E7C0352AB9144700E310AF /* LOLPositionCategory.swift */ = {isa = PBXFileReference; lastKnownFileType = sourcecode.swift; path = LOLPositionCategory.swift; sourceTree = "<group>"; };
		B8E7C0372AB9148100E310AF /* LOLTierCategory.swift */ = {isa = PBXFileReference; lastKnownFileType = sourcecode.swift; path = LOLTierCategory.swift; sourceTree = "<group>"; };
		B8E7C03B2AB9155C00E310AF /* HomeBannerCollectionViewCell.swift */ = {isa = PBXFileReference; lastKnownFileType = sourcecode.swift; path = HomeBannerCollectionViewCell.swift; sourceTree = "<group>"; };
		B8E7C03D2AB918A900E310AF /* Font+extension.swift */ = {isa = PBXFileReference; lastKnownFileType = sourcecode.swift; path = "Font+extension.swift"; sourceTree = "<group>"; };
		B8E7C0422AB91BC000E310AF /* NestStepCornerRadius.swift */ = {isa = PBXFileReference; lastKnownFileType = sourcecode.swift; path = NestStepCornerRadius.swift; sourceTree = "<group>"; };
		B8E7C0462AB9204100E310AF /* HomeBannerItemAttribute.swift */ = {isa = PBXFileReference; lastKnownFileType = sourcecode.swift; path = HomeBannerItemAttribute.swift; sourceTree = "<group>"; };
		B8EF40EE2ABA6EE80046D2CB /* UITableView+extension.swift */ = {isa = PBXFileReference; lastKnownFileType = sourcecode.swift; path = "UITableView+extension.swift"; sourceTree = "<group>"; };
		B8EF40F02ABA6F330046D2CB /* HomeLayoutCategory.swift */ = {isa = PBXFileReference; lastKnownFileType = sourcecode.swift; path = HomeLayoutCategory.swift; sourceTree = "<group>"; };
		CACE0F6D3A65DB219F5FDE00 /* Pods-nextStep.debug.xcconfig */ = {isa = PBXFileReference; includeInIndex = 1; lastKnownFileType = text.xcconfig; name = "Pods-nextStep.debug.xcconfig"; path = "Target Support Files/Pods-nextStep/Pods-nextStep.debug.xcconfig"; sourceTree = "<group>"; };
/* End PBXFileReference section */

/* Begin PBXFrameworksBuildPhase section */
		B83A99172AAC5540004C0A42 /* Frameworks */ = {
			isa = PBXFrameworksBuildPhase;
			buildActionMask = 2147483647;
			files = (
				A967FA37C57DE80DFA7F40E2 /* Pods_nextStep.framework in Frameworks */,
			);
			runOnlyForDeploymentPostprocessing = 0;
		};
/* End PBXFrameworksBuildPhase section */

/* Begin PBXGroup section */
		B80E74172AB71C78007440D6 /* Home */ = {
			isa = PBXGroup;
			children = (
				B80E74222AB71D7B007440D6 /* HomeViewController.swift */,
				B80E74242AB71D8C007440D6 /* HomeViewModel.swift */,
				B8E7C0452AB9202000E310AF /* Model */,
				B887C1842ABEB015008257A0 /* Repository */,
				B8E7C0312AB9093000E310AF /* Component */,
			);
			path = Home;
			sourceTree = "<group>";
		};
		B80E74182AB71C7E007440D6 /* Gallery */ = {
			isa = PBXGroup;
			children = (
				B80E741E2AB71D51007440D6 /* GalleryViewController.swift */,
				B80E74202AB71D5F007440D6 /* GalleryViewModel.swift */,
			);
			path = Gallery;
			sourceTree = "<group>";
		};
		B80E74192AB71CDB007440D6 /* LookAround */ = {
			isa = PBXGroup;
			children = (
				B80E741A2AB71CF2007440D6 /* LookAroundViewController.swift */,
				B80E741C2AB71CFB007440D6 /* LookAroundViewModel.swift */,
				B8DDB8DD2AC051BF0068C7C0 /* Model */,
				B8DDB8EF2AC160320068C7C0 /* Repository */,
				B8DDB8DA2AC04B670068C7C0 /* Component */,
			);
			path = LookAround;
			sourceTree = "<group>";
		};
		B80E74262AB71EE5007440D6 /* MainTabBar */ = {
			isa = PBXGroup;
			children = (
				B80E74272AB71EEE007440D6 /* Model */,
				B83A99312AAC5565004C0A42 /* MainTabBarController.swift */,
			);
			path = MainTabBar;
			sourceTree = "<group>";
		};
		B80E74272AB71EEE007440D6 /* Model */ = {
			isa = PBXGroup;
			children = (
				B80E742A2AB72051007440D6 /* Enums */,
			);
			path = Model;
			sourceTree = "<group>";
		};
		B80E742A2AB72051007440D6 /* Enums */ = {
			isa = PBXGroup;
			children = (
				B80E74282AB71F04007440D6 /* MainTapBarCategory.swift */,
			);
			path = Enums;
			sourceTree = "<group>";
		};
		B80E74352AB727FA007440D6 /* Util */ = {
			isa = PBXGroup;
			children = (
				B80E74362AB7280C007440D6 /* DefaultAttributeManager.swift */,
			);
			path = Util;
			sourceTree = "<group>";
		};
		B837A8F12AAC809500A5F407 /* Model */ = {
			isa = PBXGroup;
			children = (
				B837A8F22AAC809C00A5F407 /* Emuns */,
				B837A8FA2AAC8F4000A5F407 /* APIWrapperProtocol.swift */,
				B837A8FF2AACAA2F00A5F407 /* RiotWrapper.swift */,
			);
			name = Model;
			path = Base/Model;
			sourceTree = "<group>";
		};
		B837A8F22AAC809C00A5F407 /* Emuns */ = {
			isa = PBXGroup;
			children = (
				B837A8F52AAC87EC00A5F407 /* NetworkError.swift */,
				B837A8EF2AAC808300A5F407 /* APIRequestUIMode.swift */,
				B837A8F32AAC80AC00A5F407 /* APIResultUIMode.swift */,
			);
			path = Emuns;
			sourceTree = "<group>";
		};
		B837A8FC2AACA02600A5F407 /* RequestContext */ = {
			isa = PBXGroup;
			children = (
				B837A8E72AAC73CA00A5F407 /* APIRequestContextProtocol.swift */,
				B837A8EB2AAC7FC500A5F407 /* RiotAPIRequestContext.swift */,
			);
			path = RequestContext;
			sourceTree = "<group>";
		};
		B837ADF82AC2C75900BE7D2C /* Champion */ = {
			isa = PBXGroup;
			children = (
				B837ADF62AC2C74400BE7D2C /* ChampionDetailViewController.swift */,
				B837ADF92AC2C76800BE7D2C /* ChampionDetailViewModel.swift */,
				B837ADFB2AC2C8B500BE7D2C /* Model */,
				B837ADFC2AC2C8BB00BE7D2C /* Repository */,
				B837ADFD2AC2C8C200BE7D2C /* Component */,
			);
			path = Champion;
			sourceTree = "<group>";
		};
		B837ADFB2AC2C8B500BE7D2C /* Model */ = {
			isa = PBXGroup;
			children = (
				B837AE072AC2EEAC00BE7D2C /* ChampionDetailLayoutStatus.swift */,
			);
			path = Model;
			sourceTree = "<group>";
		};
		B837ADFC2AC2C8BB00BE7D2C /* Repository */ = {
			isa = PBXGroup;
			children = (
			);
			path = Repository;
			sourceTree = "<group>";
		};
		B837ADFD2AC2C8C200BE7D2C /* Component */ = {
			isa = PBXGroup;
			children = (
				B837AE022AC2ED6600BE7D2C /* Thumbnail */,
				B837AE032AC2ED8000BE7D2C /* ChampionDetailBlurTableViewCell.swift */,
				B837AE052AC2EE5600BE7D2C /* ChampionDetailDescriptionTableViewCell.swift */,
			);
			path = Component;
			sourceTree = "<group>";
		};
		B837AE022AC2ED6600BE7D2C /* Thumbnail */ = {
			isa = PBXGroup;
			children = (
				B837ADFE2AC2D09600BE7D2C /* ChampionDetailInformationView.swift */,
				B837AE002AC2E20700BE7D2C /* ChampionDetailSkinListView.swift */,
			);
			path = Thumbnail;
			sourceTree = "<group>";
		};
		B83A99112AAC5540004C0A42 = {
			isa = PBXGroup;
			children = (
				B83A991C2AAC5540004C0A42 /* nextStep */,
				B83A991B2AAC5540004C0A42 /* Products */,
				E99248A8AA0FF149D34BFD04 /* Pods */,
				C71E4FBA5E4084E5B4BF9614 /* Frameworks */,
			);
			sourceTree = "<group>";
		};
		B83A991B2AAC5540004C0A42 /* Products */ = {
			isa = PBXGroup;
			children = (
				B83A991A2AAC5540004C0A42 /* nextStep.app */,
			);
			name = Products;
			sourceTree = "<group>";
		};
		B83A991C2AAC5540004C0A42 /* nextStep */ = {
			isa = PBXGroup;
			children = (
				B89F51DC2AAC56F900C8AE64 /* Network */,
				B8E7C0342AB9140E00E310AF /* Model */,
				B89F51DA2AAC56EA00C8AE64 /* Base */,
				B83A99342AAC5585004C0A42 /* Feature */,
				B89F51DB2AAC56F000C8AE64 /* Extension */,
				B85410F82AB5D2CA00957BB1 /* CommonUI */,
				B80E74352AB727FA007440D6 /* Util */,
				B83A99332AAC557B004C0A42 /* Support */,
			);
			path = nextStep;
			sourceTree = "<group>";
		};
		B83A99332AAC557B004C0A42 /* Support */ = {
			isa = PBXGroup;
			children = (
				B85410FB2AB5D4B400957BB1 /* Resource */,
				B83A991D2AAC5540004C0A42 /* AppDelegate.swift */,
				B83A991F2AAC5540004C0A42 /* SceneDelegate.swift */,
				B83A99262AAC5541004C0A42 /* Assets.xcassets */,
				B83A99282AAC5541004C0A42 /* LaunchScreen.storyboard */,
				B83A992B2AAC5541004C0A42 /* Info.plist */,
				B837A8E92AAC7F6300A5F407 /* AppConfigure.swift */,
			);
			path = Support;
			sourceTree = "<group>";
		};
		B83A99342AAC5585004C0A42 /* Feature */ = {
			isa = PBXGroup;
			children = (
				B80E74262AB71EE5007440D6 /* MainTabBar */,
				B80E74172AB71C78007440D6 /* Home */,
				B80E74192AB71CDB007440D6 /* LookAround */,
				B80E74182AB71C7E007440D6 /* Gallery */,
				B8DDB9002AC2A9150068C7C0 /* Detail */,
			);
			path = Feature;
			sourceTree = "<group>";
		};
		B85410EB2AB5BCAC00957BB1 /* Storage */ = {
			isa = PBXGroup;
			children = (
				B85410EC2AB5BCBB00957BB1 /* AppStorageProtocol.swift */,
			);
			path = Storage;
			sourceTree = "<group>";
		};
		B85410EE2AB5BD4900957BB1 /* Repository */ = {
			isa = PBXGroup;
			children = (
				B85410EF2AB5BD8100957BB1 /* CommonRepository.swift */,
			);
			path = Repository;
			sourceTree = "<group>";
		};
		B85410F12AB5C6B500957BB1 /* AppContext */ = {
			isa = PBXGroup;
			children = (
				B85410F22AB5C6EF00957BB1 /* AppContext.swift */,
			);
			path = AppContext;
			sourceTree = "<group>";
		};
		B85410F82AB5D2CA00957BB1 /* CommonUI */ = {
			isa = PBXGroup;
			children = (
				B8D9AC1D2AB6E6D1007A12E3 /* CommonBottomModal */,
				B854110D2AB5D73C00957BB1 /* IntroView */,
				B854110A2AB5D61100957BB1 /* RetryView */,
				B85410F92AB5D31700957BB1 /* CommonToast.swift */,
				B85411062AB5D5DA00957BB1 /* CommonEmptyLabel.swift */,
				B8D9AC1B2AB6C618007A12E3 /* CommonModal.swift */,
			);
			path = CommonUI;
			sourceTree = "<group>";
		};
		B85410FB2AB5D4B400957BB1 /* Resource */ = {
			isa = PBXGroup;
			children = (
				B837A8D82AAC6C4100A5F407 /* R.generated.swift */,
				B837A8DF2AAC6E1500A5F407 /* Localizable.strings */,
				B85410FD2AB5D4C700957BB1 /* Font */,
				B85410FC2AB5D4BB00957BB1 /* Lottie */,
			);
			path = Resource;
			sourceTree = "<group>";
		};
		B85410FC2AB5D4BB00957BB1 /* Lottie */ = {
			isa = PBXGroup;
			children = (
				B85411042AB5D58700957BB1 /* LottieResourceManager.swift */,
				B85411022AB5D54F00957BB1 /* defaultLoading.json */,
			);
			path = Lottie;
			sourceTree = "<group>";
		};
		B85410FD2AB5D4C700957BB1 /* Font */ = {
			isa = PBXGroup;
			children = (
				B85410FE2AB5D51500957BB1 /* NotoSans-Regular.ttf */,
				B85410FF2AB5D51500957BB1 /* NotoSans-SemiBold.ttf */,
			);
			path = Font;
			sourceTree = "<group>";
		};
		B854110A2AB5D61100957BB1 /* RetryView */ = {
			isa = PBXGroup;
			children = (
				B85411082AB5D60900957BB1 /* CommonRetryView.swift */,
				B854110B2AB5D62A00957BB1 /* RetryEnableProtocol.swift */,
			);
			path = RetryView;
			sourceTree = "<group>";
		};
		B854110D2AB5D73C00957BB1 /* IntroView */ = {
			isa = PBXGroup;
			children = (
				B854110E2AB5D77000957BB1 /* IntroViewProtocol.swift */,
				B85411102AB5D78000957BB1 /* CommonLoadingView.swift */,
				B85411122AB5D7AA00957BB1 /* CommonBlurView.swift */,
			);
			path = IntroView;
			sourceTree = "<group>";
		};
		B887C17C2ABEA1ED008257A0 /* Category */ = {
			isa = PBXGroup;
			children = (
				B887C17D2ABEA27E008257A0 /* HomeChampionCatogoryListTableViewCell.swift */,
				B887C17F2ABEA378008257A0 /* Component */,
			);
			path = Category;
			sourceTree = "<group>";
		};
		B887C17F2ABEA378008257A0 /* Component */ = {
			isa = PBXGroup;
			children = (
				B8DDB8D62AC044CC0068C7C0 /* HomeChampionCatogoryCollectionViewCell.swift */,
				B887C1802ABEA391008257A0 /* HomeChampionSmallCatogoryCollectionViewCell.swift */,
				B8DDB8D82AC045350068C7C0 /* HomeChampionLargeCatogoryCollectionViewCell.swift */,
			);
			path = Component;
			sourceTree = "<group>";
		};
		B887C1842ABEB015008257A0 /* Repository */ = {
			isa = PBXGroup;
			children = (
				B887C1852ABEB03B008257A0 /* HomeRepository.swift */,
			);
			path = Repository;
			sourceTree = "<group>";
		};
		B887C18A2ABEB254008257A0 /* RiotAPI */ = {
			isa = PBXGroup;
			children = (
				B887C18B2ABEB26D008257A0 /* RiotAPI.swift */,
				B8DDB8BB2ABEB7640068C7C0 /* Model */,
			);
			path = RiotAPI;
			sourceTree = "<group>";
		};
		B89F51DA2AAC56EA00C8AE64 /* Base */ = {
			isa = PBXGroup;
			children = (
				B85410F12AB5C6B500957BB1 /* AppContext */,
				B85410EB2AB5BCAC00957BB1 /* Storage */,
				B85410EE2AB5BD4900957BB1 /* Repository */,
				B89F51DF2AAC574100C8AE64 /* ViewController */,
				B89F51DE2AAC572400C8AE64 /* ViewModel */,
				B89F51DD2AAC571900C8AE64 /* Model */,
			);
			path = Base;
			sourceTree = "<group>";
		};
		B89F51DB2AAC56F000C8AE64 /* Extension */ = {
			isa = PBXGroup;
			children = (
				B8BDDD6E2ABA5E2A003D863D /* UIKit */,
				B89F51EB2AAC58E900C8AE64 /* NSObject+extension.swift */,
				B89F51ED2AAC5A4100C8AE64 /* CommonReactive+extension.swift */,
				B89F51F32AAC5C4D00C8AE64 /* Array+extension.swift */,
				B837A8E32AAC707100A5F407 /* Dictionary+extension.swift */,
				B837A8E52AAC712200A5F407 /* Codable+extension.swift */,
				B8BDDD712ABA620D003D863D /* Date+extension.swift */,
				B8DDB8C22ABF0FE00068C7C0 /* Int+extension.swift */,
				B8DDB8C42ABF10B50068C7C0 /* String+extension.swift */,
			);
			path = Extension;
			sourceTree = "<group>";
		};
		B89F51DC2AAC56F900C8AE64 /* Network */ = {
			isa = PBXGroup;
			children = (
				B837A8ED2AAC7FE200A5F407 /* CommonRESTfulAPIService.swift */,
				B837A8F12AAC809500A5F407 /* Model */,
				B837A8FC2AACA02600A5F407 /* RequestContext */,
				B8DDB8BA2ABEB7480068C7C0 /* Feature */,
			);
			path = Network;
			sourceTree = "<group>";
		};
		B89F51DD2AAC571900C8AE64 /* Model */ = {
			isa = PBXGroup;
			children = (
				B89F51E22AAC579E00C8AE64 /* Enums */,
			);
			path = Model;
			sourceTree = "<group>";
		};
		B89F51DE2AAC572400C8AE64 /* ViewModel */ = {
			isa = PBXGroup;
			children = (
				B89F51E52AAC57D500C8AE64 /* BaseViewModel.swift */,
			);
			path = ViewModel;
			sourceTree = "<group>";
		};
		B89F51DF2AAC574100C8AE64 /* ViewController */ = {
			isa = PBXGroup;
			children = (
				B89F51E02AAC575E00C8AE64 /* BaseViewControllerProtocol.swift */,
				B89F51E72AAC580500C8AE64 /* BaseViewController.swift */,
				B85410F62AB5CEFC00957BB1 /* BasePanModalPresentable.swift */,
			);
			path = ViewController;
			sourceTree = "<group>";
		};
		B89F51E22AAC579E00C8AE64 /* Enums */ = {
			isa = PBXGroup;
			children = (
				B89F51E32AAC57B600C8AE64 /* BaseViewControllerLifeCycleStatus.swift */,
			);
			path = Enums;
			sourceTree = "<group>";
		};
		B8BDDD6E2ABA5E2A003D863D /* UIKit */ = {
			isa = PBXGroup;
			children = (
				B89F51EF2AAC5AD000C8AE64 /* UIView+extension.swift */,
				B8E7C03D2AB918A900E310AF /* Font+extension.swift */,
				B8BDDD6C2ABA5E21003D863D /* UICollectionView+extension.swift */,
				B8EF40EE2ABA6EE80046D2CB /* UITableView+extension.swift */,
				B8BDDD6F2ABA617E003D863D /* UIImageView+extension.swift */,
			);
			path = UIKit;
			sourceTree = "<group>";
		};
		B8D9AC1D2AB6E6D1007A12E3 /* CommonBottomModal */ = {
			isa = PBXGroup;
			children = (
				B8D9AC1E2AB6EA11007A12E3 /* CommonBottomModalAction.swift */,
				B8D9AC202AB6EA26007A12E3 /* CommonBottomModal.swift */,
			);
			path = CommonBottomModal;
			sourceTree = "<group>";
		};
		B8DDB8BA2ABEB7480068C7C0 /* Feature */ = {
			isa = PBXGroup;
			children = (
				B887C18A2ABEB254008257A0 /* RiotAPI */,
			);
			path = Feature;
			sourceTree = "<group>";
		};
		B8DDB8BB2ABEB7640068C7C0 /* Model */ = {
			isa = PBXGroup;
			children = (
				B887C1882ABEB181008257A0 /* RiotAPIResult.swift */,
			);
			path = Model;
			sourceTree = "<group>";
		};
		B8DDB8C82AC024A90068C7C0 /* BetweenBanner */ = {
			isa = PBXGroup;
			children = (
				B8DDB8C92AC024C80068C7C0 /* HomeBetweenBannerTableViewCell.swift */,
			);
			path = BetweenBanner;
			sourceTree = "<group>";
		};
		B8DDB8DA2AC04B670068C7C0 /* Component */ = {
			isa = PBXGroup;
			children = (
				B8DDB8E22AC05A1D0068C7C0 /* Category */,
				B8DDB8E62AC05FD90068C7C0 /* Chart */,
				B8DDB8FA2AC1A9810068C7C0 /* InterestedGroup */,
			);
			path = Component;
			sourceTree = "<group>";
		};
		B8DDB8DD2AC051BF0068C7C0 /* Model */ = {
			isa = PBXGroup;
			children = (
				B8DDB8F42AC162AE0068C7C0 /* Enums */,
				B8DDB8DE2AC051D00068C7C0 /* LookAroundCategoryAttribute.swift */,
				B8DDB8E92AC15C730068C7C0 /* LookAroundChartAttribute.swift */,
				B8DDB8EB2AC15C860068C7C0 /* LookAroundChampionRankAttribute.swift */,
				B8DDB8ED2AC15C9A0068C7C0 /* LookAroundInterestedGroupAttribute.swift */,
			);
			path = Model;
			sourceTree = "<group>";
		};
		B8DDB8E22AC05A1D0068C7C0 /* Category */ = {
			isa = PBXGroup;
			children = (
				B8DDB8E32AC05D280068C7C0 /* LookAroundCategoryView.swift */,
				B8DDB8E52AC05E2B0068C7C0 /* Component */,
			);
			path = Category;
			sourceTree = "<group>";
		};
		B8DDB8E52AC05E2B0068C7C0 /* Component */ = {
			isa = PBXGroup;
			children = (
				B8DDB8DB2AC04B9A0068C7C0 /* LookAroundCategoryListTableViewCell.swift */,
			);
			path = Component;
			sourceTree = "<group>";
		};
		B8DDB8E62AC05FD90068C7C0 /* Chart */ = {
			isa = PBXGroup;
			children = (
				B8DDB8F52AC170540068C7C0 /* LookAroundChartListTableViewCell.swift */,
				B8DDB8F72AC18D610068C7C0 /* Component */,
			);
			path = Chart;
			sourceTree = "<group>";
		};
		B8DDB8EF2AC160320068C7C0 /* Repository */ = {
			isa = PBXGroup;
			children = (
				B8DDB8F02AC1604A0068C7C0 /* LookAroundRepository.swift */,
			);
			path = Repository;
			sourceTree = "<group>";
		};
		B8DDB8F42AC162AE0068C7C0 /* Enums */ = {
			isa = PBXGroup;
			children = (
				B8DDB8E72AC060B50068C7C0 /* LookAroundLayoutStatus.swift */,
				B8DDB8F22AC1627F0068C7C0 /* LookAroundInterestedStatus.swift */,
			);
			path = Enums;
			sourceTree = "<group>";
		};
		B8DDB8F72AC18D610068C7C0 /* Component */ = {
			isa = PBXGroup;
			children = (
				B8DDB8F82AC18D880068C7C0 /* LookAroundChartChampionCollectionView.swift */,
			);
			path = Component;
			sourceTree = "<group>";
		};
		B8DDB8FA2AC1A9810068C7C0 /* InterestedGroup */ = {
			isa = PBXGroup;
			children = (
				B8DDB8FB2AC1A9AE0068C7C0 /* LookAroundInterestedTableViewCell.swift */,
				B8DDB8FD2AC1AB720068C7C0 /* Component */,
			);
			path = InterestedGroup;
			sourceTree = "<group>";
		};
		B8DDB8FD2AC1AB720068C7C0 /* Component */ = {
			isa = PBXGroup;
			children = (
				B8DDB8FE2AC1AB990068C7C0 /* LookAroundInterestedCollectionViewCell.swift */,
			);
			path = Component;
			sourceTree = "<group>";
		};
		B8DDB9002AC2A9150068C7C0 /* Detail */ = {
			isa = PBXGroup;
			children = (
				B837ADF82AC2C75900BE7D2C /* Champion */,
			);
			path = Detail;
			sourceTree = "<group>";
		};
		B8E7C0312AB9093000E310AF /* Component */ = {
			isa = PBXGroup;
			children = (
				B8E7C0392AB9153700E310AF /* Banner */,
				B8DDB8C82AC024A90068C7C0 /* BetweenBanner */,
				B887C17C2ABEA1ED008257A0 /* Category */,
			);
			path = Component;
			sourceTree = "<group>";
		};
		B8E7C0342AB9140E00E310AF /* Model */ = {
			isa = PBXGroup;
			children = (
				B8E7C0442AB91C6200E310AF /* Emuns */,
				B8E7C0412AB91BAD00E310AF /* Design */,
			);
			path = Model;
			sourceTree = "<group>";
		};
		B8E7C0392AB9153700E310AF /* Banner */ = {
			isa = PBXGroup;
			children = (
				B8E7C0322AB90A0200E310AF /* HomeBannerView.swift */,
				B8E7C03A2AB9154000E310AF /* Component */,
			);
			path = Banner;
			sourceTree = "<group>";
		};
		B8E7C03A2AB9154000E310AF /* Component */ = {
			isa = PBXGroup;
			children = (
				B8E7C03B2AB9155C00E310AF /* HomeBannerCollectionViewCell.swift */,
			);
			path = Component;
			sourceTree = "<group>";
		};
		B8E7C0412AB91BAD00E310AF /* Design */ = {
			isa = PBXGroup;
			children = (
				B8E7C0422AB91BC000E310AF /* NestStepCornerRadius.swift */,
				B8DDB8C62ABF21B70068C7C0 /* NestStepFontSize.swift */,
			);
			path = Design;
			sourceTree = "<group>";
		};
		B8E7C0442AB91C6200E310AF /* Emuns */ = {
			isa = PBXGroup;
			children = (
				B8E7C0352AB9144700E310AF /* LOLPositionCategory.swift */,
				B8E7C0372AB9148100E310AF /* LOLTierCategory.swift */,
				B8DDB8BC2ABEB7810068C7C0 /* LOLChampionTagCategory.swift */,
				B8DDB8BE2ABEC4320068C7C0 /* LOLChampionImageSizeStatus.swift */,
				B8DDB8C02ABF08F40068C7C0 /* LOLSkillStatus.swift */,
			);
			path = Emuns;
			sourceTree = "<group>";
		};
		B8E7C0452AB9202000E310AF /* Model */ = {
			isa = PBXGroup;
			children = (
				B8E7C0462AB9204100E310AF /* HomeBannerItemAttribute.swift */,
				B8EF40F02ABA6F330046D2CB /* HomeLayoutCategory.swift */,
				B887C1822ABEA4B5008257A0 /* HomeChampionCategoryAttribute.swift */,
				B8DDB8CB2AC0263D0068C7C0 /* HomeBetweenBannerAttribute.swift */,
			);
			path = Model;
			sourceTree = "<group>";
		};
		C71E4FBA5E4084E5B4BF9614 /* Frameworks */ = {
			isa = PBXGroup;
			children = (
				14F31F88F030049DFCB836D0 /* Pods_nextStep.framework */,
			);
			name = Frameworks;
			sourceTree = "<group>";
		};
		E99248A8AA0FF149D34BFD04 /* Pods */ = {
			isa = PBXGroup;
			children = (
				CACE0F6D3A65DB219F5FDE00 /* Pods-nextStep.debug.xcconfig */,
				401AE0E326BB00AAADE86895 /* Pods-nextStep.release.xcconfig */,
			);
			path = Pods;
			sourceTree = "<group>";
		};
/* End PBXGroup section */

/* Begin PBXNativeTarget section */
		B83A99192AAC5540004C0A42 /* nextStep */ = {
			isa = PBXNativeTarget;
			buildConfigurationList = B83A992E2AAC5541004C0A42 /* Build configuration list for PBXNativeTarget "nextStep" */;
			buildPhases = (
				F4634F75545C99E41EA0CE8D /* [CP] Check Pods Manifest.lock */,
				B837A8D62AAC6B1100A5F407 /* R.swift */,
				B83A99162AAC5540004C0A42 /* Sources */,
				B83A99172AAC5540004C0A42 /* Frameworks */,
				B83A99182AAC5540004C0A42 /* Resources */,
				31275AD889E8F98DA1F2E4FB /* [CP] Embed Pods Frameworks */,
			);
			buildRules = (
			);
			dependencies = (
			);
			name = nextStep;
			productName = nextStep;
			productReference = B83A991A2AAC5540004C0A42 /* nextStep.app */;
			productType = "com.apple.product-type.application";
		};
/* End PBXNativeTarget section */

/* Begin PBXProject section */
		B83A99122AAC5540004C0A42 /* Project object */ = {
			isa = PBXProject;
			attributes = {
				BuildIndependentTargetsInParallel = 1;
				LastSwiftUpdateCheck = 1430;
				LastUpgradeCheck = 1430;
				TargetAttributes = {
					B83A99192AAC5540004C0A42 = {
						CreatedOnToolsVersion = 14.3.1;
					};
				};
			};
			buildConfigurationList = B83A99152AAC5540004C0A42 /* Build configuration list for PBXProject "nextStep" */;
			compatibilityVersion = "Xcode 14.0";
			developmentRegion = en;
			hasScannedForEncodings = 0;
			knownRegions = (
				en,
				Base,
				ko,
			);
			mainGroup = B83A99112AAC5540004C0A42;
			productRefGroup = B83A991B2AAC5540004C0A42 /* Products */;
			projectDirPath = "";
			projectRoot = "";
			targets = (
				B83A99192AAC5540004C0A42 /* nextStep */,
			);
		};
/* End PBXProject section */

/* Begin PBXResourcesBuildPhase section */
		B83A99182AAC5540004C0A42 /* Resources */ = {
			isa = PBXResourcesBuildPhase;
			buildActionMask = 2147483647;
			files = (
				B85411002AB5D51500957BB1 /* NotoSans-Regular.ttf in Resources */,
				B85411012AB5D51500957BB1 /* NotoSans-SemiBold.ttf in Resources */,
				B83A992A2AAC5541004C0A42 /* LaunchScreen.storyboard in Resources */,
				B837A8DD2AAC6E1500A5F407 /* Localizable.strings in Resources */,
				B85411032AB5D54F00957BB1 /* defaultLoading.json in Resources */,
				B83A99272AAC5541004C0A42 /* Assets.xcassets in Resources */,
			);
			runOnlyForDeploymentPostprocessing = 0;
		};
/* End PBXResourcesBuildPhase section */

/* Begin PBXShellScriptBuildPhase section */
		31275AD889E8F98DA1F2E4FB /* [CP] Embed Pods Frameworks */ = {
			isa = PBXShellScriptBuildPhase;
			buildActionMask = 2147483647;
			files = (
			);
			inputFileListPaths = (
				"${PODS_ROOT}/Target Support Files/Pods-nextStep/Pods-nextStep-frameworks-${CONFIGURATION}-input-files.xcfilelist",
			);
			name = "[CP] Embed Pods Frameworks";
			outputFileListPaths = (
				"${PODS_ROOT}/Target Support Files/Pods-nextStep/Pods-nextStep-frameworks-${CONFIGURATION}-output-files.xcfilelist",
			);
			runOnlyForDeploymentPostprocessing = 0;
			shellPath = /bin/sh;
			shellScript = "\"${PODS_ROOT}/Target Support Files/Pods-nextStep/Pods-nextStep-frameworks.sh\"\n";
			showEnvVarsInLog = 0;
		};
		B837A8D62AAC6B1100A5F407 /* R.swift */ = {
			isa = PBXShellScriptBuildPhase;
			buildActionMask = 2147483647;
			files = (
			);
			inputFileListPaths = (
			);
			inputPaths = (
				"$TEMP_DIR/rswift-lastrun",
			);
			name = R.swift;
			outputFileListPaths = (
			);
			outputPaths = (
				"$SRCROOT/R.generated.swift\n\n",
			);
			runOnlyForDeploymentPostprocessing = 0;
			shellPath = /bin/sh;
			shellScript = "\"$PODS_ROOT/R.swift/rswift\" generate \"$SRCROOT/nextStep/Support/Resource/R.generated.swift\"\n";
		};
		F4634F75545C99E41EA0CE8D /* [CP] Check Pods Manifest.lock */ = {
			isa = PBXShellScriptBuildPhase;
			buildActionMask = 2147483647;
			files = (
			);
			inputFileListPaths = (
			);
			inputPaths = (
				"${PODS_PODFILE_DIR_PATH}/Podfile.lock",
				"${PODS_ROOT}/Manifest.lock",
			);
			name = "[CP] Check Pods Manifest.lock";
			outputFileListPaths = (
			);
			outputPaths = (
				"$(DERIVED_FILE_DIR)/Pods-nextStep-checkManifestLockResult.txt",
			);
			runOnlyForDeploymentPostprocessing = 0;
			shellPath = /bin/sh;
			shellScript = "diff \"${PODS_PODFILE_DIR_PATH}/Podfile.lock\" \"${PODS_ROOT}/Manifest.lock\" > /dev/null\nif [ $? != 0 ] ; then\n    # print error to STDERR\n    echo \"error: The sandbox is not in sync with the Podfile.lock. Run 'pod install' or update your CocoaPods installation.\" >&2\n    exit 1\nfi\n# This output is used by Xcode 'outputs' to avoid re-running this script phase.\necho \"SUCCESS\" > \"${SCRIPT_OUTPUT_FILE_0}\"\n";
			showEnvVarsInLog = 0;
		};
/* End PBXShellScriptBuildPhase section */

/* Begin PBXSourcesBuildPhase section */
		B83A99162AAC5540004C0A42 /* Sources */ = {
			isa = PBXSourcesBuildPhase;
			buildActionMask = 2147483647;
			files = (
				B837ADFA2AC2C76800BE7D2C /* ChampionDetailViewModel.swift in Sources */,
				B8E7C0362AB9144700E310AF /* LOLPositionCategory.swift in Sources */,
				B85411072AB5D5DA00957BB1 /* CommonEmptyLabel.swift in Sources */,
				B8D9AC212AB6EA26007A12E3 /* CommonBottomModal.swift in Sources */,
				B89F51F42AAC5C4D00C8AE64 /* Array+extension.swift in Sources */,
				B837A8EE2AAC7FE200A5F407 /* CommonRESTfulAPIService.swift in Sources */,
				B8DDB8EC2AC15C860068C7C0 /* LookAroundChampionRankAttribute.swift in Sources */,
				B80E74252AB71D8C007440D6 /* HomeViewModel.swift in Sources */,
				B8E7C03C2AB9155C00E310AF /* HomeBannerCollectionViewCell.swift in Sources */,
				B8EF40F12ABA6F330046D2CB /* HomeLayoutCategory.swift in Sources */,
				B80E74232AB71D7B007440D6 /* HomeViewController.swift in Sources */,
				B8DDB8DF2AC051D00068C7C0 /* LookAroundCategoryAttribute.swift in Sources */,
				B837A9002AACAA2F00A5F407 /* RiotWrapper.swift in Sources */,
				B80E74292AB71F04007440D6 /* MainTapBarCategory.swift in Sources */,
				B887C18C2ABEB26D008257A0 /* RiotAPI.swift in Sources */,
				B8DDB8CA2AC024C80068C7C0 /* HomeBetweenBannerTableViewCell.swift in Sources */,
				B837A8FB2AAC8F4000A5F407 /* APIWrapperProtocol.swift in Sources */,
				B89F51E42AAC57B600C8AE64 /* BaseViewControllerLifeCycleStatus.swift in Sources */,
				B85410F72AB5CEFC00957BB1 /* BasePanModalPresentable.swift in Sources */,
				B8DDB8F92AC18D880068C7C0 /* LookAroundChartChampionCollectionView.swift in Sources */,
				B83A99322AAC5565004C0A42 /* MainTabBarController.swift in Sources */,
				B837A8F62AAC87EC00A5F407 /* NetworkError.swift in Sources */,
				B854110C2AB5D62A00957BB1 /* RetryEnableProtocol.swift in Sources */,
				B80E741B2AB71CF2007440D6 /* LookAroundViewController.swift in Sources */,
				B837A8EC2AAC7FC500A5F407 /* RiotAPIRequestContext.swift in Sources */,
				B887C17E2ABEA27E008257A0 /* HomeChampionCatogoryListTableViewCell.swift in Sources */,
				B85411052AB5D58700957BB1 /* LottieResourceManager.swift in Sources */,
				B837ADFF2AC2D09600BE7D2C /* ChampionDetailInformationView.swift in Sources */,
				B89F51EE2AAC5A4100C8AE64 /* CommonReactive+extension.swift in Sources */,
				B85411112AB5D78000957BB1 /* CommonLoadingView.swift in Sources */,
				B8BDDD6D2ABA5E21003D863D /* UICollectionView+extension.swift in Sources */,
				B85410ED2AB5BCBB00957BB1 /* AppStorageProtocol.swift in Sources */,
				B8DDB8F32AC1627F0068C7C0 /* LookAroundInterestedStatus.swift in Sources */,
				B8DDB8C52ABF10B50068C7C0 /* String+extension.swift in Sources */,
				B8E7C0472AB9204100E310AF /* HomeBannerItemAttribute.swift in Sources */,
				B89F51E12AAC575E00C8AE64 /* BaseViewControllerProtocol.swift in Sources */,
				B89F51E62AAC57D500C8AE64 /* BaseViewModel.swift in Sources */,
				B8BDDD702ABA617E003D863D /* UIImageView+extension.swift in Sources */,
				B89F51F02AAC5AD000C8AE64 /* UIView+extension.swift in Sources */,
				B837AE012AC2E20700BE7D2C /* ChampionDetailSkinListView.swift in Sources */,
				B8DDB8FC2AC1A9AE0068C7C0 /* LookAroundInterestedTableViewCell.swift in Sources */,
				B837ADF72AC2C74400BE7D2C /* ChampionDetailViewController.swift in Sources */,
				B8E7C0332AB90A0200E310AF /* HomeBannerView.swift in Sources */,
				B85410FA2AB5D31700957BB1 /* CommonToast.swift in Sources */,
				B85410F32AB5C6EF00957BB1 /* AppContext.swift in Sources */,
				B89F51EC2AAC58E900C8AE64 /* NSObject+extension.swift in Sources */,
				B837AE042AC2ED8000BE7D2C /* ChampionDetailBlurTableViewCell.swift in Sources */,
				B85411132AB5D7AA00957BB1 /* CommonBlurView.swift in Sources */,
				B837A8D92AAC6C4100A5F407 /* R.generated.swift in Sources */,
				B8DDB8EE2AC15C9A0068C7C0 /* LookAroundInterestedGroupAttribute.swift in Sources */,
				B8BDDD722ABA620D003D863D /* Date+extension.swift in Sources */,
				B887C1892ABEB181008257A0 /* RiotAPIResult.swift in Sources */,
				B83A991E2AAC5540004C0A42 /* AppDelegate.swift in Sources */,
				B887C1812ABEA391008257A0 /* HomeChampionSmallCatogoryCollectionViewCell.swift in Sources */,
				B8DDB8D92AC045350068C7C0 /* HomeChampionLargeCatogoryCollectionViewCell.swift in Sources */,
				B89F51E82AAC580500C8AE64 /* BaseViewController.swift in Sources */,
				B837AE062AC2EE5600BE7D2C /* ChampionDetailDescriptionTableViewCell.swift in Sources */,
				B837A8F42AAC80AC00A5F407 /* APIResultUIMode.swift in Sources */,
				B8DDB8DC2AC04B9A0068C7C0 /* LookAroundCategoryListTableViewCell.swift in Sources */,
				B80E74212AB71D5F007440D6 /* GalleryViewModel.swift in Sources */,
				B887C1862ABEB03B008257A0 /* HomeRepository.swift in Sources */,
				B8DDB8BF2ABEC4320068C7C0 /* LOLChampionImageSizeStatus.swift in Sources */,
				B8DDB8E42AC05D280068C7C0 /* LookAroundCategoryView.swift in Sources */,
				B80E74372AB7280C007440D6 /* DefaultAttributeManager.swift in Sources */,
				B8E7C03E2AB918A900E310AF /* Font+extension.swift in Sources */,
				B837A8E42AAC707100A5F407 /* Dictionary+extension.swift in Sources */,
				B80E741D2AB71CFB007440D6 /* LookAroundViewModel.swift in Sources */,
				B8DDB8F62AC170540068C7C0 /* LookAroundChartListTableViewCell.swift in Sources */,
				B887C1832ABEA4B5008257A0 /* HomeChampionCategoryAttribute.swift in Sources */,
				B837A8E82AAC73CA00A5F407 /* APIRequestContextProtocol.swift in Sources */,
				B8E7C0382AB9148100E310AF /* LOLTierCategory.swift in Sources */,
				B8DDB8F12AC1604A0068C7C0 /* LookAroundRepository.swift in Sources */,
				B85411092AB5D60900957BB1 /* CommonRetryView.swift in Sources */,
				B837A8F02AAC808300A5F407 /* APIRequestUIMode.swift in Sources */,
				B8DDB8D72AC044CC0068C7C0 /* HomeChampionCatogoryCollectionViewCell.swift in Sources */,
				B8D9AC1F2AB6EA11007A12E3 /* CommonBottomModalAction.swift in Sources */,
				B837AE082AC2EEAC00BE7D2C /* ChampionDetailLayoutStatus.swift in Sources */,
				B8DDB8C12ABF08F40068C7C0 /* LOLSkillStatus.swift in Sources */,
				B837A8E62AAC712200A5F407 /* Codable+extension.swift in Sources */,
				B85410F02AB5BD8100957BB1 /* CommonRepository.swift in Sources */,
				B80E741F2AB71D51007440D6 /* GalleryViewController.swift in Sources */,
				B8DDB8CC2AC0263D0068C7C0 /* HomeBetweenBannerAttribute.swift in Sources */,
				B8D9AC1C2AB6C618007A12E3 /* CommonModal.swift in Sources */,
				B8DDB8E82AC060B50068C7C0 /* LookAroundLayoutStatus.swift in Sources */,
				B8DDB8C72ABF21B70068C7C0 /* NestStepFontSize.swift in Sources */,
				B8DDB8C32ABF0FE00068C7C0 /* Int+extension.swift in Sources */,
				B8EF40EF2ABA6EE80046D2CB /* UITableView+extension.swift in Sources */,
				B8DDB8EA2AC15C730068C7C0 /* LookAroundChartAttribute.swift in Sources */,
				B854110F2AB5D77000957BB1 /* IntroViewProtocol.swift in Sources */,
				B8DDB8FF2AC1AB990068C7C0 /* LookAroundInterestedCollectionViewCell.swift in Sources */,
				B837A8EA2AAC7F6300A5F407 /* AppConfigure.swift in Sources */,
				B83A99202AAC5540004C0A42 /* SceneDelegate.swift in Sources */,
				B8E7C0432AB91BC000E310AF /* NestStepCornerRadius.swift in Sources */,
				B8DDB8BD2ABEB7810068C7C0 /* LOLChampionTagCategory.swift in Sources */,
			);
			runOnlyForDeploymentPostprocessing = 0;
		};
/* End PBXSourcesBuildPhase section */

/* Begin PBXVariantGroup section */
		B837A8DF2AAC6E1500A5F407 /* Localizable.strings */ = {
			isa = PBXVariantGroup;
			children = (
				B837A8E12AAC6E2900A5F407 /* ko */,
			);
			name = Localizable.strings;
			sourceTree = "<group>";
		};
		B83A99282AAC5541004C0A42 /* LaunchScreen.storyboard */ = {
			isa = PBXVariantGroup;
			children = (
				B83A99292AAC5541004C0A42 /* Base */,
				B837A8E02AAC6E2800A5F407 /* ko */,
			);
			name = LaunchScreen.storyboard;
			sourceTree = "<group>";
		};
/* End PBXVariantGroup section */

/* Begin XCBuildConfiguration section */
		B83A992C2AAC5541004C0A42 /* Debug */ = {
			isa = XCBuildConfiguration;
			buildSettings = {
				ALWAYS_SEARCH_USER_PATHS = NO;
				CLANG_ANALYZER_LOCALIZABILITY_NONLOCALIZED = YES;
				CLANG_ANALYZER_NONNULL = YES;
				CLANG_ANALYZER_NUMBER_OBJECT_CONVERSION = YES_AGGRESSIVE;
				CLANG_CXX_LANGUAGE_STANDARD = "gnu++20";
				CLANG_ENABLE_MODULES = YES;
				CLANG_ENABLE_OBJC_ARC = YES;
				CLANG_ENABLE_OBJC_WEAK = YES;
				CLANG_WARN_BLOCK_CAPTURE_AUTORELEASING = YES;
				CLANG_WARN_BOOL_CONVERSION = YES;
				CLANG_WARN_COMMA = YES;
				CLANG_WARN_CONSTANT_CONVERSION = YES;
				CLANG_WARN_DEPRECATED_OBJC_IMPLEMENTATIONS = YES;
				CLANG_WARN_DIRECT_OBJC_ISA_USAGE = YES_ERROR;
				CLANG_WARN_DOCUMENTATION_COMMENTS = YES;
				CLANG_WARN_EMPTY_BODY = YES;
				CLANG_WARN_ENUM_CONVERSION = YES;
				CLANG_WARN_INFINITE_RECURSION = YES;
				CLANG_WARN_INT_CONVERSION = YES;
				CLANG_WARN_NON_LITERAL_NULL_CONVERSION = YES;
				CLANG_WARN_OBJC_IMPLICIT_RETAIN_SELF = YES;
				CLANG_WARN_OBJC_LITERAL_CONVERSION = YES;
				CLANG_WARN_OBJC_ROOT_CLASS = YES_ERROR;
				CLANG_WARN_QUOTED_INCLUDE_IN_FRAMEWORK_HEADER = YES;
				CLANG_WARN_RANGE_LOOP_ANALYSIS = YES;
				CLANG_WARN_STRICT_PROTOTYPES = YES;
				CLANG_WARN_SUSPICIOUS_MOVE = YES;
				CLANG_WARN_UNGUARDED_AVAILABILITY = YES_AGGRESSIVE;
				CLANG_WARN_UNREACHABLE_CODE = YES;
				CLANG_WARN__DUPLICATE_METHOD_MATCH = YES;
				COPY_PHASE_STRIP = NO;
				DEBUG_INFORMATION_FORMAT = dwarf;
				ENABLE_STRICT_OBJC_MSGSEND = YES;
				ENABLE_TESTABILITY = YES;
				GCC_C_LANGUAGE_STANDARD = gnu11;
				GCC_DYNAMIC_NO_PIC = NO;
				GCC_NO_COMMON_BLOCKS = YES;
				GCC_OPTIMIZATION_LEVEL = 0;
				GCC_PREPROCESSOR_DEFINITIONS = (
					"DEBUG=1",
					"$(inherited)",
				);
				GCC_WARN_64_TO_32_BIT_CONVERSION = YES;
				GCC_WARN_ABOUT_RETURN_TYPE = YES_ERROR;
				GCC_WARN_UNDECLARED_SELECTOR = YES;
				GCC_WARN_UNINITIALIZED_AUTOS = YES_AGGRESSIVE;
				GCC_WARN_UNUSED_FUNCTION = YES;
				GCC_WARN_UNUSED_VARIABLE = YES;
				IPHONEOS_DEPLOYMENT_TARGET = 16.4;
				MTL_ENABLE_DEBUG_INFO = INCLUDE_SOURCE;
				MTL_FAST_MATH = YES;
				ONLY_ACTIVE_ARCH = YES;
				SDKROOT = iphoneos;
				SWIFT_ACTIVE_COMPILATION_CONDITIONS = DEBUG;
				SWIFT_OPTIMIZATION_LEVEL = "-Onone";
			};
			name = Debug;
		};
		B83A992D2AAC5541004C0A42 /* Release */ = {
			isa = XCBuildConfiguration;
			buildSettings = {
				ALWAYS_SEARCH_USER_PATHS = NO;
				CLANG_ANALYZER_LOCALIZABILITY_NONLOCALIZED = YES;
				CLANG_ANALYZER_NONNULL = YES;
				CLANG_ANALYZER_NUMBER_OBJECT_CONVERSION = YES_AGGRESSIVE;
				CLANG_CXX_LANGUAGE_STANDARD = "gnu++20";
				CLANG_ENABLE_MODULES = YES;
				CLANG_ENABLE_OBJC_ARC = YES;
				CLANG_ENABLE_OBJC_WEAK = YES;
				CLANG_WARN_BLOCK_CAPTURE_AUTORELEASING = YES;
				CLANG_WARN_BOOL_CONVERSION = YES;
				CLANG_WARN_COMMA = YES;
				CLANG_WARN_CONSTANT_CONVERSION = YES;
				CLANG_WARN_DEPRECATED_OBJC_IMPLEMENTATIONS = YES;
				CLANG_WARN_DIRECT_OBJC_ISA_USAGE = YES_ERROR;
				CLANG_WARN_DOCUMENTATION_COMMENTS = YES;
				CLANG_WARN_EMPTY_BODY = YES;
				CLANG_WARN_ENUM_CONVERSION = YES;
				CLANG_WARN_INFINITE_RECURSION = YES;
				CLANG_WARN_INT_CONVERSION = YES;
				CLANG_WARN_NON_LITERAL_NULL_CONVERSION = YES;
				CLANG_WARN_OBJC_IMPLICIT_RETAIN_SELF = YES;
				CLANG_WARN_OBJC_LITERAL_CONVERSION = YES;
				CLANG_WARN_OBJC_ROOT_CLASS = YES_ERROR;
				CLANG_WARN_QUOTED_INCLUDE_IN_FRAMEWORK_HEADER = YES;
				CLANG_WARN_RANGE_LOOP_ANALYSIS = YES;
				CLANG_WARN_STRICT_PROTOTYPES = YES;
				CLANG_WARN_SUSPICIOUS_MOVE = YES;
				CLANG_WARN_UNGUARDED_AVAILABILITY = YES_AGGRESSIVE;
				CLANG_WARN_UNREACHABLE_CODE = YES;
				CLANG_WARN__DUPLICATE_METHOD_MATCH = YES;
				COPY_PHASE_STRIP = NO;
				DEBUG_INFORMATION_FORMAT = "dwarf-with-dsym";
				ENABLE_NS_ASSERTIONS = NO;
				ENABLE_STRICT_OBJC_MSGSEND = YES;
				GCC_C_LANGUAGE_STANDARD = gnu11;
				GCC_NO_COMMON_BLOCKS = YES;
				GCC_WARN_64_TO_32_BIT_CONVERSION = YES;
				GCC_WARN_ABOUT_RETURN_TYPE = YES_ERROR;
				GCC_WARN_UNDECLARED_SELECTOR = YES;
				GCC_WARN_UNINITIALIZED_AUTOS = YES_AGGRESSIVE;
				GCC_WARN_UNUSED_FUNCTION = YES;
				GCC_WARN_UNUSED_VARIABLE = YES;
				IPHONEOS_DEPLOYMENT_TARGET = 16.4;
				MTL_ENABLE_DEBUG_INFO = NO;
				MTL_FAST_MATH = YES;
				SDKROOT = iphoneos;
				SWIFT_COMPILATION_MODE = wholemodule;
				SWIFT_OPTIMIZATION_LEVEL = "-O";
				VALIDATE_PRODUCT = YES;
			};
			name = Release;
		};
		B83A992F2AAC5541004C0A42 /* Debug */ = {
			isa = XCBuildConfiguration;
			baseConfigurationReference = CACE0F6D3A65DB219F5FDE00 /* Pods-nextStep.debug.xcconfig */;
			buildSettings = {
				ASSETCATALOG_COMPILER_APPICON_NAME = AppIcon;
				ASSETCATALOG_COMPILER_GLOBAL_ACCENT_COLOR_NAME = AccentColor;
				CODE_SIGN_STYLE = Automatic;
				CURRENT_PROJECT_VERSION = 1;
				DEVELOPMENT_TEAM = BXV27XC6DZ;
				GENERATE_INFOPLIST_FILE = YES;
				INFOPLIST_FILE = nextStep/Support/Info.plist;
				INFOPLIST_KEY_UIApplicationSupportsIndirectInputEvents = YES;
				INFOPLIST_KEY_UILaunchStoryboardName = LaunchScreen;
				INFOPLIST_KEY_UISupportedInterfaceOrientations_iPad = "UIInterfaceOrientationPortrait UIInterfaceOrientationPortraitUpsideDown UIInterfaceOrientationLandscapeLeft UIInterfaceOrientationLandscapeRight";
				INFOPLIST_KEY_UISupportedInterfaceOrientations_iPhone = "UIInterfaceOrientationPortrait UIInterfaceOrientationLandscapeLeft UIInterfaceOrientationLandscapeRight";
				IPHONEOS_DEPLOYMENT_TARGET = 13.0;
				LD_RUNPATH_SEARCH_PATHS = (
					"$(inherited)",
					"@executable_path/Frameworks",
				);
				MARKETING_VERSION = 1.0;
				PRODUCT_BUNDLE_IDENTIFIER = "com.will-d.nextStep";
				PRODUCT_NAME = "$(TARGET_NAME)";
				SWIFT_EMIT_LOC_STRINGS = YES;
				SWIFT_VERSION = 5.0;
				TARGETED_DEVICE_FAMILY = "1,2";
			};
			name = Debug;
		};
		B83A99302AAC5541004C0A42 /* Release */ = {
			isa = XCBuildConfiguration;
			baseConfigurationReference = 401AE0E326BB00AAADE86895 /* Pods-nextStep.release.xcconfig */;
			buildSettings = {
				ASSETCATALOG_COMPILER_APPICON_NAME = AppIcon;
				ASSETCATALOG_COMPILER_GLOBAL_ACCENT_COLOR_NAME = AccentColor;
				CODE_SIGN_STYLE = Automatic;
				CURRENT_PROJECT_VERSION = 1;
				DEVELOPMENT_TEAM = BXV27XC6DZ;
				GENERATE_INFOPLIST_FILE = YES;
				INFOPLIST_FILE = nextStep/Support/Info.plist;
				INFOPLIST_KEY_UIApplicationSupportsIndirectInputEvents = YES;
				INFOPLIST_KEY_UILaunchStoryboardName = LaunchScreen;
				INFOPLIST_KEY_UISupportedInterfaceOrientations_iPad = "UIInterfaceOrientationPortrait UIInterfaceOrientationPortraitUpsideDown UIInterfaceOrientationLandscapeLeft UIInterfaceOrientationLandscapeRight";
				INFOPLIST_KEY_UISupportedInterfaceOrientations_iPhone = "UIInterfaceOrientationPortrait UIInterfaceOrientationLandscapeLeft UIInterfaceOrientationLandscapeRight";
				IPHONEOS_DEPLOYMENT_TARGET = 13.0;
				LD_RUNPATH_SEARCH_PATHS = (
					"$(inherited)",
					"@executable_path/Frameworks",
				);
				MARKETING_VERSION = 1.0;
				PRODUCT_BUNDLE_IDENTIFIER = "com.will-d.nextStep";
				PRODUCT_NAME = "$(TARGET_NAME)";
				SWIFT_EMIT_LOC_STRINGS = YES;
				SWIFT_VERSION = 5.0;
				TARGETED_DEVICE_FAMILY = "1,2";
			};
			name = Release;
		};
/* End XCBuildConfiguration section */

/* Begin XCConfigurationList section */
		B83A99152AAC5540004C0A42 /* Build configuration list for PBXProject "nextStep" */ = {
			isa = XCConfigurationList;
			buildConfigurations = (
				B83A992C2AAC5541004C0A42 /* Debug */,
				B83A992D2AAC5541004C0A42 /* Release */,
			);
			defaultConfigurationIsVisible = 0;
			defaultConfigurationName = Release;
		};
		B83A992E2AAC5541004C0A42 /* Build configuration list for PBXNativeTarget "nextStep" */ = {
			isa = XCConfigurationList;
			buildConfigurations = (
				B83A992F2AAC5541004C0A42 /* Debug */,
				B83A99302AAC5541004C0A42 /* Release */,
			);
			defaultConfigurationIsVisible = 0;
			defaultConfigurationName = Release;
		};
/* End XCConfigurationList section */
	};
	rootObject = B83A99122AAC5540004C0A42 /* Project object */;
}
